// !$*UTF8*$!
{
	archiveVersion = 1;
	classes = {
	};
	objectVersion = 56;
	objects = {

/* Begin PBXBuildFile section */
		3112093629B669F800E20DAC /* ResultPopUp.swift in Sources */ = {isa = PBXBuildFile; fileRef = 3112093529B669F800E20DAC /* ResultPopUp.swift */; };
		3112093829B671DB00E20DAC /* NoLearnedWordsPopUp.swift in Sources */ = {isa = PBXBuildFile; fileRef = 3112093729B671DB00E20DAC /* NoLearnedWordsPopUp.swift */; };
		311FAF6529E9BA1200DC6889 /* ScreenFactory.swift in Sources */ = {isa = PBXBuildFile; fileRef = 311FAF6429E9BA1200DC6889 /* ScreenFactory.swift */; };
		3127A02829C262F9004C90F9 /* AppThemeSelectionVC.swift in Sources */ = {isa = PBXBuildFile; fileRef = 3127A02729C262F9004C90F9 /* AppThemeSelectionVC.swift */; };
		3127A02A29C27893004C90F9 /* SectionRowsNames.swift in Sources */ = {isa = PBXBuildFile; fileRef = 3127A02929C27893004C90F9 /* SectionRowsNames.swift */; };
		3127A02C29C278B2004C90F9 /* AppThemesNames.swift in Sources */ = {isa = PBXBuildFile; fileRef = 3127A02B29C278B2004C90F9 /* AppThemesNames.swift */; };
		3127A02E29C279CD004C90F9 /* AppThemeSelectionCell.swift in Sources */ = {isa = PBXBuildFile; fileRef = 3127A02D29C279CD004C90F9 /* AppThemeSelectionCell.swift */; };
		3127A03029C32CAF004C90F9 /* ThemeAppArchiverService.swift in Sources */ = {isa = PBXBuildFile; fileRef = 3127A02F29C32CAF004C90F9 /* ThemeAppArchiverService.swift */; };
		3130D8142998DDD700BF6041 /* SnapKit in Frameworks */ = {isa = PBXBuildFile; productRef = 3130D8132998DDD700BF6041 /* SnapKit */; };
		3130D816299AC27300BF6041 /* AppTabBar.swift in Sources */ = {isa = PBXBuildFile; fileRef = 3130D815299AC27300BF6041 /* AppTabBar.swift */; };
		314C8A7129C5C9D2008A19BB /* AppVoiceSelectionVC.swift in Sources */ = {isa = PBXBuildFile; fileRef = 314C8A7029C5C9D2008A19BB /* AppVoiceSelectionVC.swift */; };
		314C8A7429C5CA0A008A19BB /* AppVoiceSelectionCell.swift in Sources */ = {isa = PBXBuildFile; fileRef = 314C8A7329C5CA0A008A19BB /* AppVoiceSelectionCell.swift */; };
		314C8A7629C5DCCE008A19BB /* voices.json in Resources */ = {isa = PBXBuildFile; fileRef = 314C8A7529C5DCCE008A19BB /* voices.json */; };
		314C8A8129C7050B008A19BB /* CategoriesTableView.swift in Sources */ = {isa = PBXBuildFile; fileRef = 314C8A8029C7050B008A19BB /* CategoriesTableView.swift */; };
		314C8A8329C73F74008A19BB /* GoogleService-Info.plist in Resources */ = {isa = PBXBuildFile; fileRef = 314C8A8229C73F74008A19BB /* GoogleService-Info.plist */; };
		314C8A8629C74053008A19BB /* FirebaseAnalytics in Frameworks */ = {isa = PBXBuildFile; productRef = 314C8A8529C74053008A19BB /* FirebaseAnalytics */; };
		314C8A8829C74053008A19BB /* FirebaseAnalyticsOnDeviceConversion in Frameworks */ = {isa = PBXBuildFile; productRef = 314C8A8729C74053008A19BB /* FirebaseAnalyticsOnDeviceConversion */; };
		314C8A8A29C74053008A19BB /* FirebaseAnalyticsSwift in Frameworks */ = {isa = PBXBuildFile; productRef = 314C8A8929C74053008A19BB /* FirebaseAnalyticsSwift */; };
		314C8A8C29C74053008A19BB /* FirebaseAnalyticsWithoutAdIdSupport in Frameworks */ = {isa = PBXBuildFile; productRef = 314C8A8B29C74053008A19BB /* FirebaseAnalyticsWithoutAdIdSupport */; };
		314C8A8E29C74053008A19BB /* FirebaseAppCheck in Frameworks */ = {isa = PBXBuildFile; productRef = 314C8A8D29C74053008A19BB /* FirebaseAppCheck */; };
		314C8A9029C74053008A19BB /* FirebaseAppDistribution-Beta in Frameworks */ = {isa = PBXBuildFile; productRef = 314C8A8F29C74053008A19BB /* FirebaseAppDistribution-Beta */; };
		314C8A9229C74053008A19BB /* FirebaseAuth in Frameworks */ = {isa = PBXBuildFile; productRef = 314C8A9129C74053008A19BB /* FirebaseAuth */; };
		314C8A9429C74053008A19BB /* FirebaseAuthCombine-Community in Frameworks */ = {isa = PBXBuildFile; productRef = 314C8A9329C74053008A19BB /* FirebaseAuthCombine-Community */; };
		314C8A9629C74053008A19BB /* FirebaseCrashlytics in Frameworks */ = {isa = PBXBuildFile; productRef = 314C8A9529C74053008A19BB /* FirebaseCrashlytics */; };
		314C8A9829C74054008A19BB /* FirebaseDatabase in Frameworks */ = {isa = PBXBuildFile; productRef = 314C8A9729C74054008A19BB /* FirebaseDatabase */; };
		314C8A9A29C74054008A19BB /* FirebaseDatabaseSwift in Frameworks */ = {isa = PBXBuildFile; productRef = 314C8A9929C74054008A19BB /* FirebaseDatabaseSwift */; };
		314C8A9C29C74054008A19BB /* FirebaseDynamicLinks in Frameworks */ = {isa = PBXBuildFile; productRef = 314C8A9B29C74054008A19BB /* FirebaseDynamicLinks */; };
		314C8A9E29C74054008A19BB /* FirebaseFirestore in Frameworks */ = {isa = PBXBuildFile; productRef = 314C8A9D29C74054008A19BB /* FirebaseFirestore */; };
		314C8AA029C74054008A19BB /* FirebaseFirestoreCombine-Community in Frameworks */ = {isa = PBXBuildFile; productRef = 314C8A9F29C74054008A19BB /* FirebaseFirestoreCombine-Community */; };
		314C8AA229C74054008A19BB /* FirebaseFirestoreSwift in Frameworks */ = {isa = PBXBuildFile; productRef = 314C8AA129C74054008A19BB /* FirebaseFirestoreSwift */; };
		314C8AA429C74054008A19BB /* FirebaseFunctions in Frameworks */ = {isa = PBXBuildFile; productRef = 314C8AA329C74054008A19BB /* FirebaseFunctions */; };
		314C8AA629C74054008A19BB /* FirebaseFunctionsCombine-Community in Frameworks */ = {isa = PBXBuildFile; productRef = 314C8AA529C74054008A19BB /* FirebaseFunctionsCombine-Community */; };
		314C8AA829C74055008A19BB /* FirebaseInAppMessaging-Beta in Frameworks */ = {isa = PBXBuildFile; productRef = 314C8AA729C74055008A19BB /* FirebaseInAppMessaging-Beta */; };
		314C8AAA29C74055008A19BB /* FirebaseInAppMessagingSwift-Beta in Frameworks */ = {isa = PBXBuildFile; productRef = 314C8AA929C74055008A19BB /* FirebaseInAppMessagingSwift-Beta */; };
		314C8AAC29C74055008A19BB /* FirebaseInstallations in Frameworks */ = {isa = PBXBuildFile; productRef = 314C8AAB29C74055008A19BB /* FirebaseInstallations */; };
		314C8AAE29C74055008A19BB /* FirebaseMLModelDownloader in Frameworks */ = {isa = PBXBuildFile; productRef = 314C8AAD29C74055008A19BB /* FirebaseMLModelDownloader */; };
		314C8AB029C74055008A19BB /* FirebaseMessaging in Frameworks */ = {isa = PBXBuildFile; productRef = 314C8AAF29C74055008A19BB /* FirebaseMessaging */; };
		314C8AB229C74056008A19BB /* FirebasePerformance in Frameworks */ = {isa = PBXBuildFile; productRef = 314C8AB129C74056008A19BB /* FirebasePerformance */; };
		314C8AB429C74056008A19BB /* FirebaseRemoteConfig in Frameworks */ = {isa = PBXBuildFile; productRef = 314C8AB329C74056008A19BB /* FirebaseRemoteConfig */; };
		314C8AB629C74056008A19BB /* FirebaseRemoteConfigSwift in Frameworks */ = {isa = PBXBuildFile; productRef = 314C8AB529C74056008A19BB /* FirebaseRemoteConfigSwift */; };
		314C8AB829C74056008A19BB /* FirebaseStorage in Frameworks */ = {isa = PBXBuildFile; productRef = 314C8AB729C74056008A19BB /* FirebaseStorage */; };
		314C8ABA29C74056008A19BB /* FirebaseStorageCombine-Community in Frameworks */ = {isa = PBXBuildFile; productRef = 314C8AB929C74056008A19BB /* FirebaseStorageCombine-Community */; };
		314C8ABD29C763ED008A19BB /* LogInPopUp.swift in Sources */ = {isa = PBXBuildFile; fileRef = 314C8ABC29C763EC008A19BB /* LogInPopUp.swift */; };
		314C8ABF29C7754D008A19BB /* RegisterPopUp.swift in Sources */ = {isa = PBXBuildFile; fileRef = 314C8ABE29C7754D008A19BB /* RegisterPopUp.swift */; };
		314C8AC129C77FFA008A19BB /* SignOutPopUp.swift in Sources */ = {isa = PBXBuildFile; fileRef = 314C8AC029C77FFA008A19BB /* SignOutPopUp.swift */; };
		314C8AC329C79453008A19BB /* SettingsHeader.swift in Sources */ = {isa = PBXBuildFile; fileRef = 314C8AC229C79452008A19BB /* SettingsHeader.swift */; };
		317D260D29B1FBFF008DCE2E /* QuizeGameVC.swift in Sources */ = {isa = PBXBuildFile; fileRef = 317D260C29B1FBFF008DCE2E /* QuizeGameVC.swift */; };
		317D261129B489F4008DCE2E /* WordsArchiverService.swift in Sources */ = {isa = PBXBuildFile; fileRef = 317D261029B489F4008DCE2E /* WordsArchiverService.swift */; };
		317D261329B4E118008DCE2E /* CheckLearnedWordsCount.swift in Sources */ = {isa = PBXBuildFile; fileRef = 317D261229B4E118008DCE2E /* CheckLearnedWordsCount.swift */; };
		317D261529B4EB74008DCE2E /* QuestionUpdater.swift in Sources */ = {isa = PBXBuildFile; fileRef = 317D261429B4EB74008DCE2E /* QuestionUpdater.swift */; };
		317D261929B4FB00008DCE2E /* Random Words.json in Resources */ = {isa = PBXBuildFile; fileRef = 317D261829B4FB00008DCE2E /* Random Words.json */; };
		317D261B29B50090008DCE2E /* CorrectAnswerCheck.swift in Sources */ = {isa = PBXBuildFile; fileRef = 317D261A29B50090008DCE2E /* CorrectAnswerCheck.swift */; };
		31A5426329E4E09B00D48D26 /* SettingsVC.swift in Sources */ = {isa = PBXBuildFile; fileRef = 31A5426229E4E09B00D48D26 /* SettingsVC.swift */; };
		31A5426629E4E0BF00D48D26 /* SettingsView.swift in Sources */ = {isa = PBXBuildFile; fileRef = 31A5426529E4E0BF00D48D26 /* SettingsView.swift */; };
		31A5426829E4E14B00D48D26 /* SettingsTableView.swift in Sources */ = {isa = PBXBuildFile; fileRef = 31A5426729E4E14B00D48D26 /* SettingsTableView.swift */; };
		31B435F529A9557D00EFEA90 /* SelectedThemeCell.swift in Sources */ = {isa = PBXBuildFile; fileRef = 31B435F429A9557D00EFEA90 /* SelectedThemeCell.swift */; };
		31C903F329AD314300D9B615 /* Animals.json in Resources */ = {isa = PBXBuildFile; fileRef = 31C903EE29AD314300D9B615 /* Animals.json */; };
		31C903F529AD314300D9B615 /* Themes.json in Resources */ = {isa = PBXBuildFile; fileRef = 31C903F029AD314300D9B615 /* Themes.json */; };
		31C903F629AD314300D9B615 /* Appearance.json in Resources */ = {isa = PBXBuildFile; fileRef = 31C903F129AD314300D9B615 /* Appearance.json */; };
		31C903F729AD314300D9B615 /* Anatomy.json in Resources */ = {isa = PBXBuildFile; fileRef = 31C903F229AD314300D9B615 /* Anatomy.json */; };
		31C903F929AD4DBF00D9B615 /* Archeology.json in Resources */ = {isa = PBXBuildFile; fileRef = 31C903F829AD4DBF00D9B615 /* Archeology.json */; };
		31C903FB29AD4F2000D9B615 /* Architecture.json in Resources */ = {isa = PBXBuildFile; fileRef = 31C903FA29AD4F1F00D9B615 /* Architecture.json */; };
		31C903FF29ADFC0F00D9B615 /* Aviation.json in Resources */ = {isa = PBXBuildFile; fileRef = 31C903FE29ADFC0F00D9B615 /* Aviation.json */; };
		31C9040329AE061800D9B615 /* Basic Words.json in Resources */ = {isa = PBXBuildFile; fileRef = 31C9040229AE061800D9B615 /* Basic Words.json */; };
		31C9040929AE348900D9B615 /* Berries.json in Resources */ = {isa = PBXBuildFile; fileRef = 31C9040829AE348900D9B615 /* Berries.json */; };
		31C9040B29AE499E00D9B615 /* Body.json in Resources */ = {isa = PBXBuildFile; fileRef = 31C9040A29AE499D00D9B615 /* Body.json */; };
		31C9040D29AE585400D9B615 /* Business.json in Resources */ = {isa = PBXBuildFile; fileRef = 31C9040C29AE585400D9B615 /* Business.json */; };
		31C9040F29AE5EE600D9B615 /* Career.json in Resources */ = {isa = PBXBuildFile; fileRef = 31C9040E29AE5EE600D9B615 /* Career.json */; };
		31C9041129AE602900D9B615 /* City.json in Resources */ = {isa = PBXBuildFile; fileRef = 31C9041029AE602800D9B615 /* City.json */; };
		31C9041329AE659200D9B615 /* Clothes.json in Resources */ = {isa = PBXBuildFile; fileRef = 31C9041229AE659200D9B615 /* Clothes.json */; };
		31C9041529AE67A900D9B615 /* Colors.json in Resources */ = {isa = PBXBuildFile; fileRef = 31C9041429AE67A800D9B615 /* Colors.json */; };
		31C9041729AE6A9F00D9B615 /* Computer.json in Resources */ = {isa = PBXBuildFile; fileRef = 31C9041629AE6A9F00D9B615 /* Computer.json */; };
		31C9041929AE6D6300D9B615 /* Diseases.json in Resources */ = {isa = PBXBuildFile; fileRef = 31C9041829AE6D6300D9B615 /* Diseases.json */; };
		31C9041B29AE6F8000D9B615 /* Drinks.json in Resources */ = {isa = PBXBuildFile; fileRef = 31C9041A29AE6F8000D9B615 /* Drinks.json */; };
		31C9041D29AE71AD00D9B615 /* Economics.json in Resources */ = {isa = PBXBuildFile; fileRef = 31C9041C29AE71AD00D9B615 /* Economics.json */; };
		31C9041F29AE725700D9B615 /* Emotions and Feelings.json in Resources */ = {isa = PBXBuildFile; fileRef = 31C9041E29AE725700D9B615 /* Emotions and Feelings.json */; };
		31C9042129AE731300D9B615 /* Family.json in Resources */ = {isa = PBXBuildFile; fileRef = 31C9042029AE731300D9B615 /* Family.json */; };
		31C9042329AE739400D9B615 /* Fish.json in Resources */ = {isa = PBXBuildFile; fileRef = 31C9042229AE739400D9B615 /* Fish.json */; };
		31C9042529AE743500D9B615 /* Food.json in Resources */ = {isa = PBXBuildFile; fileRef = 31C9042429AE743500D9B615 /* Food.json */; };
		31C9042729AE74C900D9B615 /* Furniture.json in Resources */ = {isa = PBXBuildFile; fileRef = 31C9042629AE74C900D9B615 /* Furniture.json */; };
		31C9042929AE761800D9B615 /* Geography.json in Resources */ = {isa = PBXBuildFile; fileRef = 31C9042829AE761800D9B615 /* Geography.json */; };
		31C9042B29AE790600D9B615 /* Geometry.json in Resources */ = {isa = PBXBuildFile; fileRef = 31C9042A29AE790600D9B615 /* Geometry.json */; };
		31C9042D29AE7B3400D9B615 /* Halloween.json in Resources */ = {isa = PBXBuildFile; fileRef = 31C9042C29AE7B3400D9B615 /* Halloween.json */; };
		31C9042F29AE7C4900D9B615 /* Health.json in Resources */ = {isa = PBXBuildFile; fileRef = 31C9042E29AE7C4900D9B615 /* Health.json */; };
		31C9043129AE7CD100D9B615 /* Hobbies.json in Resources */ = {isa = PBXBuildFile; fileRef = 31C9043029AE7CD100D9B615 /* Hobbies.json */; };
		31C9043329AE7D2C00D9B615 /* Home.json in Resources */ = {isa = PBXBuildFile; fileRef = 31C9043229AE7D2C00D9B615 /* Home.json */; };
		31C9043529AE7E6A00D9B615 /* Kitchen.json in Resources */ = {isa = PBXBuildFile; fileRef = 31C9043429AE7E6A00D9B615 /* Kitchen.json */; };
		31C9043729AE7EE000D9B615 /* Law.json in Resources */ = {isa = PBXBuildFile; fileRef = 31C9043629AE7EE000D9B615 /* Law.json */; };
		31C9043929AE7F6B00D9B615 /* Literature.json in Resources */ = {isa = PBXBuildFile; fileRef = 31C9043829AE7F6B00D9B615 /* Literature.json */; };
		31C9043B29AE7FEA00D9B615 /* Mathematics.json in Resources */ = {isa = PBXBuildFile; fileRef = 31C9043A29AE7FEA00D9B615 /* Mathematics.json */; };
		31C9043D29AE813E00D9B615 /* Money.json in Resources */ = {isa = PBXBuildFile; fileRef = 31C9043C29AE813E00D9B615 /* Money.json */; };
		31C9043F29AE823100D9B615 /* Months.json in Resources */ = {isa = PBXBuildFile; fileRef = 31C9043E29AE823100D9B615 /* Months.json */; };
		31C9044129AE857900D9B615 /* Movie.json in Resources */ = {isa = PBXBuildFile; fileRef = 31C9044029AE857900D9B615 /* Movie.json */; };
		31C9044329AE865000D9B615 /* Music.json in Resources */ = {isa = PBXBuildFile; fileRef = 31C9044229AE865000D9B615 /* Music.json */; };
		31C9044529AE879000D9B615 /* New Year.json in Resources */ = {isa = PBXBuildFile; fileRef = 31C9044429AE879000D9B615 /* New Year.json */; };
		31C9044729AE89A200D9B615 /* Numerals.json in Resources */ = {isa = PBXBuildFile; fileRef = 31C9044629AE89A200D9B615 /* Numerals.json */; };
		31C9044929AE8A2100D9B615 /* Personality.json in Resources */ = {isa = PBXBuildFile; fileRef = 31C9044829AE8A2000D9B615 /* Personality.json */; };
		31C9044B29AE8AF900D9B615 /* School Subjects.json in Resources */ = {isa = PBXBuildFile; fileRef = 31C9044A29AE8AF900D9B615 /* School Subjects.json */; };
		31C9044D29AE8C1000D9B615 /* Space.json in Resources */ = {isa = PBXBuildFile; fileRef = 31C9044C29AE8C1000D9B615 /* Space.json */; };
		31C9044F29AE8C9800D9B615 /* Sport.json in Resources */ = {isa = PBXBuildFile; fileRef = 31C9044E29AE8C9800D9B615 /* Sport.json */; };
		31C9045129AE8EBD00D9B615 /* Summer.json in Resources */ = {isa = PBXBuildFile; fileRef = 31C9045029AE8EBD00D9B615 /* Summer.json */; };
		31C9045329AE8FA200D9B615 /* Tastes.json in Resources */ = {isa = PBXBuildFile; fileRef = 31C9045229AE8FA200D9B615 /* Tastes.json */; };
		31C9045529AE900600D9B615 /* Time.json in Resources */ = {isa = PBXBuildFile; fileRef = 31C9045429AE900600D9B615 /* Time.json */; };
		31C9045729AE935F00D9B615 /* Travelling.json in Resources */ = {isa = PBXBuildFile; fileRef = 31C9045629AE935F00D9B615 /* Travelling.json */; };
		31C9045929AE947700D9B615 /* Vegetables.json in Resources */ = {isa = PBXBuildFile; fileRef = 31C9045829AE947700D9B615 /* Vegetables.json */; };
		31C9045B29AE95A700D9B615 /* Weather.json in Resources */ = {isa = PBXBuildFile; fileRef = 31C9045A29AE95A700D9B615 /* Weather.json */; };
		31C9045D29AE95F900D9B615 /* Weekday.json in Resources */ = {isa = PBXBuildFile; fileRef = 31C9045C29AE95F900D9B615 /* Weekday.json */; };
		31C9045F29AE991600D9B615 /* Work.json in Resources */ = {isa = PBXBuildFile; fileRef = 31C9045E29AE991600D9B615 /* Work.json */; };
		31C9046129AE9CF800D9B615 /* Politics.json in Resources */ = {isa = PBXBuildFile; fileRef = 31C9046029AE9CF800D9B615 /* Politics.json */; };
		31C9046329AE9D6800D9B615 /* Professions.json in Resources */ = {isa = PBXBuildFile; fileRef = 31C9046229AE9D6800D9B615 /* Professions.json */; };
		31C9046529AFCB4900D9B615 /* The most popular verbs.json in Resources */ = {isa = PBXBuildFile; fileRef = 31C9046429AFCB4900D9B615 /* The most popular verbs.json */; };
		31C9416C29D984CB0093ECAB /* CategoriesView.swift in Sources */ = {isa = PBXBuildFile; fileRef = 31C9416B29D984CB0093ECAB /* CategoriesView.swift */; };
		31C9416F29D985510093ECAB /* SelectedThemeVC.swift in Sources */ = {isa = PBXBuildFile; fileRef = 31C9416E29D985510093ECAB /* SelectedThemeVC.swift */; };
		31C9417229D9858D0093ECAB /* SelectedThemeView.swift in Sources */ = {isa = PBXBuildFile; fileRef = 31C9417129D9858D0093ECAB /* SelectedThemeView.swift */; };
		31C9417429D9889B0093ECAB /* SelectedThemeTable.swift in Sources */ = {isa = PBXBuildFile; fileRef = 31C9417329D9889B0093ECAB /* SelectedThemeTable.swift */; };
		31C9417629DA215D0093ECAB /* VoiceAppArchieverService.swift in Sources */ = {isa = PBXBuildFile; fileRef = 31C9417529DA215D0093ECAB /* VoiceAppArchieverService.swift */; };
		31EA189E29B92FCA001AF369 /* MultiProgressView in Frameworks */ = {isa = PBXBuildFile; productRef = 31EA189D29B92FCA001AF369 /* MultiProgressView */; };
		31EA18A229BA571F001AF369 /* Charts in Frameworks */ = {isa = PBXBuildFile; productRef = 31EA18A129BA571F001AF369 /* Charts */; };
		31EA18A929BA5A8D001AF369 /* Algorithms in Frameworks */ = {isa = PBXBuildFile; productRef = 31EA18A829BA5A8D001AF369 /* Algorithms */; };
		31F005EB29A0163C0097C22E /* CategoriesVC.swift in Sources */ = {isa = PBXBuildFile; fileRef = 31F005EA29A0163C0097C22E /* CategoriesVC.swift */; };
		31F005ED29A2134E0097C22E /* CategoriesCell.swift in Sources */ = {isa = PBXBuildFile; fileRef = 31F005EC29A2134E0097C22E /* CategoriesCell.swift */; };
		31F005F029A510820097C22E /* Extensions.swift in Sources */ = {isa = PBXBuildFile; fileRef = 31F005EF29A510820097C22E /* Extensions.swift */; };
		31F005F229A54C520097C22E /* JsonService.swift in Sources */ = {isa = PBXBuildFile; fileRef = 31F005F129A54C520097C22E /* JsonService.swift */; };
		31F005F629A54C8D0097C22E /* JsonModelCategories.swift in Sources */ = {isa = PBXBuildFile; fileRef = 31F005F529A54C8D0097C22E /* JsonModelCategories.swift */; };
		31F7E82129B7C1210070BDF0 /* Art.json in Resources */ = {isa = PBXBuildFile; fileRef = 31F7E82029B7C1210070BDF0 /* Art.json */; };
		31F9BCB829A7732700C913AE /* Assets.xcassets in Resources */ = {isa = PBXBuildFile; fileRef = 31F9BCB729A7732700C913AE /* Assets.xcassets */; };
		31F9BCBD29A7FF9100C913AE /* SelectedThemeHeader.swift in Sources */ = {isa = PBXBuildFile; fileRef = 31F9BCBC29A7FF9100C913AE /* SelectedThemeHeader.swift */; };
		31FB99132985956200FC1DF6 /* AppDelegate.swift in Sources */ = {isa = PBXBuildFile; fileRef = 31FB99122985956200FC1DF6 /* AppDelegate.swift */; };
		31FB99152985956200FC1DF6 /* SceneDelegate.swift in Sources */ = {isa = PBXBuildFile; fileRef = 31FB99142985956200FC1DF6 /* SceneDelegate.swift */; };
		31FB991F2985956400FC1DF6 /* LaunchScreen.storyboard in Resources */ = {isa = PBXBuildFile; fileRef = 31FB991D2985956400FC1DF6 /* LaunchScreen.storyboard */; };
		31FF235129BBC19C00470220 /* StatisticsVC.swift in Sources */ = {isa = PBXBuildFile; fileRef = 31FF235029BBC19C00470220 /* StatisticsVC.swift */; };
		31FF235329BBC69F00470220 /* ThemeProgressView.swift in Sources */ = {isa = PBXBuildFile; fileRef = 31FF235229BBC69F00470220 /* ThemeProgressView.swift */; };
		31FF235729BE249A00470220 /* Phrases.swift in Sources */ = {isa = PBXBuildFile; fileRef = 31FF235629BE249A00470220 /* Phrases.swift */; };
		31FF235929BE4D5300470220 /* TestTheme.json in Resources */ = {isa = PBXBuildFile; fileRef = 31FF235829BE4D5300470220 /* TestTheme.json */; };
		31FF235B29BE6D0600470220 /* AddNewUserWordPopUp.swift in Sources */ = {isa = PBXBuildFile; fileRef = 31FF235A29BE6D0600470220 /* AddNewUserWordPopUp.swift */; };
		31FF236029C251AB00470220 /* SettingsCell.swift in Sources */ = {isa = PBXBuildFile; fileRef = 31FF235F29C251AB00470220 /* SettingsCell.swift */; };
/* End PBXBuildFile section */

/* Begin PBXCopyFilesBuildPhase section */
		31EA18A629BA572D001AF369 /* Embed Frameworks */ = {
			isa = PBXCopyFilesBuildPhase;
			buildActionMask = 2147483647;
			dstPath = "";
			dstSubfolderSpec = 10;
			files = (
			);
			name = "Embed Frameworks";
			runOnlyForDeploymentPostprocessing = 0;
		};
/* End PBXCopyFilesBuildPhase section */

/* Begin PBXFileReference section */
		3112093529B669F800E20DAC /* ResultPopUp.swift */ = {isa = PBXFileReference; lastKnownFileType = sourcecode.swift; path = ResultPopUp.swift; sourceTree = "<group>"; };
		3112093729B671DB00E20DAC /* NoLearnedWordsPopUp.swift */ = {isa = PBXFileReference; lastKnownFileType = sourcecode.swift; path = NoLearnedWordsPopUp.swift; sourceTree = "<group>"; };
		311FAF6429E9BA1200DC6889 /* ScreenFactory.swift */ = {isa = PBXFileReference; lastKnownFileType = sourcecode.swift; path = ScreenFactory.swift; sourceTree = "<group>"; };
		3127A02729C262F9004C90F9 /* AppThemeSelectionVC.swift */ = {isa = PBXFileReference; lastKnownFileType = sourcecode.swift; path = AppThemeSelectionVC.swift; sourceTree = "<group>"; };
		3127A02929C27893004C90F9 /* SectionRowsNames.swift */ = {isa = PBXFileReference; lastKnownFileType = sourcecode.swift; path = SectionRowsNames.swift; sourceTree = "<group>"; };
		3127A02B29C278B2004C90F9 /* AppThemesNames.swift */ = {isa = PBXFileReference; lastKnownFileType = sourcecode.swift; path = AppThemesNames.swift; sourceTree = "<group>"; };
		3127A02D29C279CD004C90F9 /* AppThemeSelectionCell.swift */ = {isa = PBXFileReference; lastKnownFileType = sourcecode.swift; path = AppThemeSelectionCell.swift; sourceTree = "<group>"; };
		3127A02F29C32CAF004C90F9 /* ThemeAppArchiverService.swift */ = {isa = PBXFileReference; lastKnownFileType = sourcecode.swift; path = ThemeAppArchiverService.swift; sourceTree = "<group>"; };
		3130D815299AC27300BF6041 /* AppTabBar.swift */ = {isa = PBXFileReference; lastKnownFileType = sourcecode.swift; path = AppTabBar.swift; sourceTree = "<group>"; };
		314C8A7029C5C9D2008A19BB /* AppVoiceSelectionVC.swift */ = {isa = PBXFileReference; lastKnownFileType = sourcecode.swift; path = AppVoiceSelectionVC.swift; sourceTree = "<group>"; };
		314C8A7329C5CA0A008A19BB /* AppVoiceSelectionCell.swift */ = {isa = PBXFileReference; lastKnownFileType = sourcecode.swift; path = AppVoiceSelectionCell.swift; sourceTree = "<group>"; };
		314C8A7529C5DCCE008A19BB /* voices.json */ = {isa = PBXFileReference; fileEncoding = 4; lastKnownFileType = text.json; name = voices.json; path = Jsons/voices.json; sourceTree = SOURCE_ROOT; };
		314C8A8029C7050B008A19BB /* CategoriesTableView.swift */ = {isa = PBXFileReference; lastKnownFileType = sourcecode.swift; path = CategoriesTableView.swift; sourceTree = "<group>"; };
		314C8A8229C73F74008A19BB /* GoogleService-Info.plist */ = {isa = PBXFileReference; fileEncoding = 4; lastKnownFileType = text.plist.xml; path = "GoogleService-Info.plist"; sourceTree = "<group>"; };
		314C8ABC29C763EC008A19BB /* LogInPopUp.swift */ = {isa = PBXFileReference; lastKnownFileType = sourcecode.swift; path = LogInPopUp.swift; sourceTree = "<group>"; };
		314C8ABE29C7754D008A19BB /* RegisterPopUp.swift */ = {isa = PBXFileReference; lastKnownFileType = sourcecode.swift; path = RegisterPopUp.swift; sourceTree = "<group>"; };
		314C8AC029C77FFA008A19BB /* SignOutPopUp.swift */ = {isa = PBXFileReference; lastKnownFileType = sourcecode.swift; path = SignOutPopUp.swift; sourceTree = "<group>"; };
		314C8AC229C79452008A19BB /* SettingsHeader.swift */ = {isa = PBXFileReference; lastKnownFileType = sourcecode.swift; path = SettingsHeader.swift; sourceTree = "<group>"; };
		317D260C29B1FBFF008DCE2E /* QuizeGameVC.swift */ = {isa = PBXFileReference; lastKnownFileType = sourcecode.swift; path = QuizeGameVC.swift; sourceTree = "<group>"; };
		317D261029B489F4008DCE2E /* WordsArchiverService.swift */ = {isa = PBXFileReference; lastKnownFileType = sourcecode.swift; path = WordsArchiverService.swift; sourceTree = "<group>"; };
		317D261229B4E118008DCE2E /* CheckLearnedWordsCount.swift */ = {isa = PBXFileReference; lastKnownFileType = sourcecode.swift; path = CheckLearnedWordsCount.swift; sourceTree = "<group>"; };
		317D261429B4EB74008DCE2E /* QuestionUpdater.swift */ = {isa = PBXFileReference; lastKnownFileType = sourcecode.swift; path = QuestionUpdater.swift; sourceTree = "<group>"; };
		317D261829B4FB00008DCE2E /* Random Words.json */ = {isa = PBXFileReference; fileEncoding = 4; lastKnownFileType = text.json; name = "Random Words.json"; path = "Jsons/Random Words.json"; sourceTree = SOURCE_ROOT; };
		317D261A29B50090008DCE2E /* CorrectAnswerCheck.swift */ = {isa = PBXFileReference; lastKnownFileType = sourcecode.swift; path = CorrectAnswerCheck.swift; sourceTree = "<group>"; };
		31A5426229E4E09B00D48D26 /* SettingsVC.swift */ = {isa = PBXFileReference; lastKnownFileType = sourcecode.swift; path = SettingsVC.swift; sourceTree = "<group>"; };
		31A5426529E4E0BF00D48D26 /* SettingsView.swift */ = {isa = PBXFileReference; lastKnownFileType = sourcecode.swift; path = SettingsView.swift; sourceTree = "<group>"; };
		31A5426729E4E14B00D48D26 /* SettingsTableView.swift */ = {isa = PBXFileReference; lastKnownFileType = sourcecode.swift; path = SettingsTableView.swift; sourceTree = "<group>"; };
		31B435F429A9557D00EFEA90 /* SelectedThemeCell.swift */ = {isa = PBXFileReference; lastKnownFileType = sourcecode.swift; path = SelectedThemeCell.swift; sourceTree = "<group>"; };
		31C903EE29AD314300D9B615 /* Animals.json */ = {isa = PBXFileReference; fileEncoding = 4; lastKnownFileType = text.json; name = Animals.json; path = Jsons/Animals.json; sourceTree = SOURCE_ROOT; };
		31C903F029AD314300D9B615 /* Themes.json */ = {isa = PBXFileReference; fileEncoding = 4; lastKnownFileType = text.json; name = Themes.json; path = Jsons/Themes.json; sourceTree = SOURCE_ROOT; };
		31C903F129AD314300D9B615 /* Appearance.json */ = {isa = PBXFileReference; fileEncoding = 4; lastKnownFileType = text.json; name = Appearance.json; path = Jsons/Appearance.json; sourceTree = SOURCE_ROOT; };
		31C903F229AD314300D9B615 /* Anatomy.json */ = {isa = PBXFileReference; fileEncoding = 4; lastKnownFileType = text.json; name = Anatomy.json; path = Jsons/Anatomy.json; sourceTree = SOURCE_ROOT; };
		31C903F829AD4DBF00D9B615 /* Archeology.json */ = {isa = PBXFileReference; fileEncoding = 4; lastKnownFileType = text.json; name = Archeology.json; path = Jsons/Archeology.json; sourceTree = SOURCE_ROOT; };
		31C903FA29AD4F1F00D9B615 /* Architecture.json */ = {isa = PBXFileReference; fileEncoding = 4; lastKnownFileType = text.json; name = Architecture.json; path = Jsons/Architecture.json; sourceTree = SOURCE_ROOT; };
		31C903FE29ADFC0F00D9B615 /* Aviation.json */ = {isa = PBXFileReference; fileEncoding = 4; lastKnownFileType = text.json; name = Aviation.json; path = Jsons/Aviation.json; sourceTree = SOURCE_ROOT; };
		31C9040229AE061800D9B615 /* Basic Words.json */ = {isa = PBXFileReference; fileEncoding = 4; lastKnownFileType = text.json; name = "Basic Words.json"; path = "Jsons/Basic Words.json"; sourceTree = SOURCE_ROOT; };
		31C9040829AE348900D9B615 /* Berries.json */ = {isa = PBXFileReference; fileEncoding = 4; lastKnownFileType = text.json; name = Berries.json; path = Jsons/Berries.json; sourceTree = SOURCE_ROOT; };
		31C9040A29AE499D00D9B615 /* Body.json */ = {isa = PBXFileReference; fileEncoding = 4; lastKnownFileType = text.json; name = Body.json; path = Jsons/Body.json; sourceTree = SOURCE_ROOT; };
		31C9040C29AE585400D9B615 /* Business.json */ = {isa = PBXFileReference; fileEncoding = 4; lastKnownFileType = text.json; name = Business.json; path = Jsons/Business.json; sourceTree = SOURCE_ROOT; };
		31C9040E29AE5EE600D9B615 /* Career.json */ = {isa = PBXFileReference; fileEncoding = 4; lastKnownFileType = text.json; name = Career.json; path = Jsons/Career.json; sourceTree = SOURCE_ROOT; };
		31C9041029AE602800D9B615 /* City.json */ = {isa = PBXFileReference; fileEncoding = 4; lastKnownFileType = text.json; name = City.json; path = Jsons/City.json; sourceTree = SOURCE_ROOT; };
		31C9041229AE659200D9B615 /* Clothes.json */ = {isa = PBXFileReference; fileEncoding = 4; lastKnownFileType = text.json; name = Clothes.json; path = Jsons/Clothes.json; sourceTree = SOURCE_ROOT; };
		31C9041429AE67A800D9B615 /* Colors.json */ = {isa = PBXFileReference; fileEncoding = 4; lastKnownFileType = text.json; name = Colors.json; path = Jsons/Colors.json; sourceTree = SOURCE_ROOT; };
		31C9041629AE6A9F00D9B615 /* Computer.json */ = {isa = PBXFileReference; fileEncoding = 4; lastKnownFileType = text.json; name = Computer.json; path = Jsons/Computer.json; sourceTree = SOURCE_ROOT; };
		31C9041829AE6D6300D9B615 /* Diseases.json */ = {isa = PBXFileReference; fileEncoding = 4; lastKnownFileType = text.json; name = Diseases.json; path = Jsons/Diseases.json; sourceTree = SOURCE_ROOT; };
		31C9041A29AE6F8000D9B615 /* Drinks.json */ = {isa = PBXFileReference; fileEncoding = 4; lastKnownFileType = text.json; name = Drinks.json; path = Jsons/Drinks.json; sourceTree = SOURCE_ROOT; };
		31C9041C29AE71AD00D9B615 /* Economics.json */ = {isa = PBXFileReference; fileEncoding = 4; lastKnownFileType = text.json; name = Economics.json; path = Jsons/Economics.json; sourceTree = SOURCE_ROOT; };
		31C9041E29AE725700D9B615 /* Emotions and Feelings.json */ = {isa = PBXFileReference; fileEncoding = 4; lastKnownFileType = text.json; name = "Emotions and Feelings.json"; path = "Jsons/Emotions and Feelings.json"; sourceTree = SOURCE_ROOT; };
		31C9042029AE731300D9B615 /* Family.json */ = {isa = PBXFileReference; fileEncoding = 4; lastKnownFileType = text.json; name = Family.json; path = Jsons/Family.json; sourceTree = SOURCE_ROOT; };
		31C9042229AE739400D9B615 /* Fish.json */ = {isa = PBXFileReference; fileEncoding = 4; lastKnownFileType = text.json; name = Fish.json; path = Jsons/Fish.json; sourceTree = SOURCE_ROOT; };
		31C9042429AE743500D9B615 /* Food.json */ = {isa = PBXFileReference; fileEncoding = 4; lastKnownFileType = text.json; name = Food.json; path = Jsons/Food.json; sourceTree = SOURCE_ROOT; };
		31C9042629AE74C900D9B615 /* Furniture.json */ = {isa = PBXFileReference; fileEncoding = 4; lastKnownFileType = text.json; name = Furniture.json; path = Jsons/Furniture.json; sourceTree = SOURCE_ROOT; };
		31C9042829AE761800D9B615 /* Geography.json */ = {isa = PBXFileReference; fileEncoding = 4; lastKnownFileType = text.json; name = Geography.json; path = Jsons/Geography.json; sourceTree = SOURCE_ROOT; };
		31C9042A29AE790600D9B615 /* Geometry.json */ = {isa = PBXFileReference; fileEncoding = 4; lastKnownFileType = text.json; name = Geometry.json; path = Jsons/Geometry.json; sourceTree = SOURCE_ROOT; };
		31C9042C29AE7B3400D9B615 /* Halloween.json */ = {isa = PBXFileReference; fileEncoding = 4; lastKnownFileType = text.json; name = Halloween.json; path = Jsons/Halloween.json; sourceTree = SOURCE_ROOT; };
		31C9042E29AE7C4900D9B615 /* Health.json */ = {isa = PBXFileReference; fileEncoding = 4; lastKnownFileType = text.json; name = Health.json; path = Jsons/Health.json; sourceTree = SOURCE_ROOT; };
		31C9043029AE7CD100D9B615 /* Hobbies.json */ = {isa = PBXFileReference; fileEncoding = 4; lastKnownFileType = text.json; name = Hobbies.json; path = Jsons/Hobbies.json; sourceTree = SOURCE_ROOT; };
		31C9043229AE7D2C00D9B615 /* Home.json */ = {isa = PBXFileReference; fileEncoding = 4; lastKnownFileType = text.json; name = Home.json; path = Jsons/Home.json; sourceTree = SOURCE_ROOT; };
		31C9043429AE7E6A00D9B615 /* Kitchen.json */ = {isa = PBXFileReference; fileEncoding = 4; lastKnownFileType = text.json; name = Kitchen.json; path = Jsons/Kitchen.json; sourceTree = SOURCE_ROOT; };
		31C9043629AE7EE000D9B615 /* Law.json */ = {isa = PBXFileReference; fileEncoding = 4; lastKnownFileType = text.json; name = Law.json; path = Jsons/Law.json; sourceTree = SOURCE_ROOT; };
		31C9043829AE7F6B00D9B615 /* Literature.json */ = {isa = PBXFileReference; fileEncoding = 4; lastKnownFileType = text.json; name = Literature.json; path = Jsons/Literature.json; sourceTree = SOURCE_ROOT; };
		31C9043A29AE7FEA00D9B615 /* Mathematics.json */ = {isa = PBXFileReference; fileEncoding = 4; lastKnownFileType = text.json; name = Mathematics.json; path = Jsons/Mathematics.json; sourceTree = SOURCE_ROOT; };
		31C9043C29AE813E00D9B615 /* Money.json */ = {isa = PBXFileReference; fileEncoding = 4; lastKnownFileType = text.json; name = Money.json; path = Jsons/Money.json; sourceTree = SOURCE_ROOT; };
		31C9043E29AE823100D9B615 /* Months.json */ = {isa = PBXFileReference; fileEncoding = 4; lastKnownFileType = text.json; name = Months.json; path = Jsons/Months.json; sourceTree = SOURCE_ROOT; };
		31C9044029AE857900D9B615 /* Movie.json */ = {isa = PBXFileReference; fileEncoding = 4; lastKnownFileType = text.json; name = Movie.json; path = Jsons/Movie.json; sourceTree = SOURCE_ROOT; };
		31C9044229AE865000D9B615 /* Music.json */ = {isa = PBXFileReference; fileEncoding = 4; lastKnownFileType = text.json; name = Music.json; path = Jsons/Music.json; sourceTree = SOURCE_ROOT; };
		31C9044429AE879000D9B615 /* New Year.json */ = {isa = PBXFileReference; fileEncoding = 4; lastKnownFileType = text.json; name = "New Year.json"; path = "Jsons/New Year.json"; sourceTree = SOURCE_ROOT; };
		31C9044629AE89A200D9B615 /* Numerals.json */ = {isa = PBXFileReference; fileEncoding = 4; lastKnownFileType = text.json; name = Numerals.json; path = Jsons/Numerals.json; sourceTree = SOURCE_ROOT; };
		31C9044829AE8A2000D9B615 /* Personality.json */ = {isa = PBXFileReference; fileEncoding = 4; lastKnownFileType = text.json; name = Personality.json; path = Jsons/Personality.json; sourceTree = SOURCE_ROOT; };
		31C9044A29AE8AF900D9B615 /* School Subjects.json */ = {isa = PBXFileReference; fileEncoding = 4; lastKnownFileType = text.json; name = "School Subjects.json"; path = "Jsons/School Subjects.json"; sourceTree = SOURCE_ROOT; };
		31C9044C29AE8C1000D9B615 /* Space.json */ = {isa = PBXFileReference; fileEncoding = 4; lastKnownFileType = text.json; name = Space.json; path = Jsons/Space.json; sourceTree = SOURCE_ROOT; };
		31C9044E29AE8C9800D9B615 /* Sport.json */ = {isa = PBXFileReference; fileEncoding = 4; lastKnownFileType = text.json; name = Sport.json; path = Jsons/Sport.json; sourceTree = SOURCE_ROOT; };
		31C9045029AE8EBD00D9B615 /* Summer.json */ = {isa = PBXFileReference; fileEncoding = 4; lastKnownFileType = text.json; name = Summer.json; path = Jsons/Summer.json; sourceTree = SOURCE_ROOT; };
		31C9045229AE8FA200D9B615 /* Tastes.json */ = {isa = PBXFileReference; fileEncoding = 4; lastKnownFileType = text.json; name = Tastes.json; path = Jsons/Tastes.json; sourceTree = SOURCE_ROOT; };
		31C9045429AE900600D9B615 /* Time.json */ = {isa = PBXFileReference; fileEncoding = 4; lastKnownFileType = text.json; name = Time.json; path = Jsons/Time.json; sourceTree = SOURCE_ROOT; };
		31C9045629AE935F00D9B615 /* Travelling.json */ = {isa = PBXFileReference; fileEncoding = 4; lastKnownFileType = text.json; name = Travelling.json; path = Jsons/Travelling.json; sourceTree = SOURCE_ROOT; };
		31C9045829AE947700D9B615 /* Vegetables.json */ = {isa = PBXFileReference; fileEncoding = 4; lastKnownFileType = text.json; name = Vegetables.json; path = Jsons/Vegetables.json; sourceTree = SOURCE_ROOT; };
		31C9045A29AE95A700D9B615 /* Weather.json */ = {isa = PBXFileReference; fileEncoding = 4; lastKnownFileType = text.json; name = Weather.json; path = Jsons/Weather.json; sourceTree = SOURCE_ROOT; };
		31C9045C29AE95F900D9B615 /* Weekday.json */ = {isa = PBXFileReference; fileEncoding = 4; lastKnownFileType = text.json; name = Weekday.json; path = Jsons/Weekday.json; sourceTree = SOURCE_ROOT; };
		31C9045E29AE991600D9B615 /* Work.json */ = {isa = PBXFileReference; fileEncoding = 4; lastKnownFileType = text.json; name = Work.json; path = Jsons/Work.json; sourceTree = SOURCE_ROOT; };
		31C9046029AE9CF800D9B615 /* Politics.json */ = {isa = PBXFileReference; fileEncoding = 4; lastKnownFileType = text.json; name = Politics.json; path = Jsons/Politics.json; sourceTree = SOURCE_ROOT; };
		31C9046229AE9D6800D9B615 /* Professions.json */ = {isa = PBXFileReference; fileEncoding = 4; lastKnownFileType = text.json; name = Professions.json; path = Jsons/Professions.json; sourceTree = SOURCE_ROOT; };
		31C9046429AFCB4900D9B615 /* The most popular verbs.json */ = {isa = PBXFileReference; fileEncoding = 4; lastKnownFileType = text.json; name = "The most popular verbs.json"; path = "Jsons/The most popular verbs.json"; sourceTree = SOURCE_ROOT; };
		31C9416B29D984CB0093ECAB /* CategoriesView.swift */ = {isa = PBXFileReference; lastKnownFileType = sourcecode.swift; path = CategoriesView.swift; sourceTree = "<group>"; };
		31C9416E29D985510093ECAB /* SelectedThemeVC.swift */ = {isa = PBXFileReference; lastKnownFileType = sourcecode.swift; path = SelectedThemeVC.swift; sourceTree = "<group>"; };
		31C9417129D9858D0093ECAB /* SelectedThemeView.swift */ = {isa = PBXFileReference; lastKnownFileType = sourcecode.swift; path = SelectedThemeView.swift; sourceTree = "<group>"; };
		31C9417329D9889B0093ECAB /* SelectedThemeTable.swift */ = {isa = PBXFileReference; lastKnownFileType = sourcecode.swift; path = SelectedThemeTable.swift; sourceTree = "<group>"; };
		31C9417529DA215D0093ECAB /* VoiceAppArchieverService.swift */ = {isa = PBXFileReference; lastKnownFileType = sourcecode.swift; path = VoiceAppArchieverService.swift; sourceTree = "<group>"; };
		31F005EA29A0163C0097C22E /* CategoriesVC.swift */ = {isa = PBXFileReference; lastKnownFileType = sourcecode.swift; path = CategoriesVC.swift; sourceTree = "<group>"; };
		31F005EC29A2134E0097C22E /* CategoriesCell.swift */ = {isa = PBXFileReference; lastKnownFileType = sourcecode.swift; path = CategoriesCell.swift; sourceTree = "<group>"; };
		31F005EF29A510820097C22E /* Extensions.swift */ = {isa = PBXFileReference; lastKnownFileType = sourcecode.swift; path = Extensions.swift; sourceTree = "<group>"; };
		31F005F129A54C520097C22E /* JsonService.swift */ = {isa = PBXFileReference; lastKnownFileType = sourcecode.swift; path = JsonService.swift; sourceTree = "<group>"; };
		31F005F529A54C8D0097C22E /* JsonModelCategories.swift */ = {isa = PBXFileReference; lastKnownFileType = sourcecode.swift; path = JsonModelCategories.swift; sourceTree = "<group>"; };
		31F7E82029B7C1210070BDF0 /* Art.json */ = {isa = PBXFileReference; fileEncoding = 4; lastKnownFileType = text.json; name = Art.json; path = Jsons/Art.json; sourceTree = SOURCE_ROOT; };
		31F9BCB729A7732700C913AE /* Assets.xcassets */ = {isa = PBXFileReference; lastKnownFileType = folder.assetcatalog; path = Assets.xcassets; sourceTree = "<group>"; };
		31F9BCBC29A7FF9100C913AE /* SelectedThemeHeader.swift */ = {isa = PBXFileReference; lastKnownFileType = sourcecode.swift; path = SelectedThemeHeader.swift; sourceTree = "<group>"; };
		31FB990F2985956200FC1DF6 /* English Trainee.app */ = {isa = PBXFileReference; explicitFileType = wrapper.application; includeInIndex = 0; path = "English Trainee.app"; sourceTree = BUILT_PRODUCTS_DIR; };
		31FB99122985956200FC1DF6 /* AppDelegate.swift */ = {isa = PBXFileReference; lastKnownFileType = sourcecode.swift; path = AppDelegate.swift; sourceTree = "<group>"; };
		31FB99142985956200FC1DF6 /* SceneDelegate.swift */ = {isa = PBXFileReference; lastKnownFileType = sourcecode.swift; path = SceneDelegate.swift; sourceTree = "<group>"; };
		31FB991E2985956400FC1DF6 /* Base */ = {isa = PBXFileReference; lastKnownFileType = file.storyboard; name = Base; path = Base.lproj/LaunchScreen.storyboard; sourceTree = "<group>"; };
		31FB99202985956400FC1DF6 /* Info.plist */ = {isa = PBXFileReference; lastKnownFileType = text.plist.xml; path = Info.plist; sourceTree = "<group>"; };
		31FF235029BBC19C00470220 /* StatisticsVC.swift */ = {isa = PBXFileReference; lastKnownFileType = sourcecode.swift; path = StatisticsVC.swift; sourceTree = "<group>"; };
		31FF235229BBC69F00470220 /* ThemeProgressView.swift */ = {isa = PBXFileReference; lastKnownFileType = sourcecode.swift; path = ThemeProgressView.swift; sourceTree = "<group>"; };
		31FF235629BE249A00470220 /* Phrases.swift */ = {isa = PBXFileReference; lastKnownFileType = sourcecode.swift; path = Phrases.swift; sourceTree = "<group>"; };
		31FF235829BE4D5300470220 /* TestTheme.json */ = {isa = PBXFileReference; fileEncoding = 4; lastKnownFileType = text.json; name = TestTheme.json; path = Jsons/TestTheme.json; sourceTree = SOURCE_ROOT; };
		31FF235A29BE6D0600470220 /* AddNewUserWordPopUp.swift */ = {isa = PBXFileReference; lastKnownFileType = sourcecode.swift; path = AddNewUserWordPopUp.swift; sourceTree = "<group>"; };
		31FF235F29C251AB00470220 /* SettingsCell.swift */ = {isa = PBXFileReference; lastKnownFileType = sourcecode.swift; path = SettingsCell.swift; sourceTree = "<group>"; };
/* End PBXFileReference section */

/* Begin PBXFrameworksBuildPhase section */
		31FB990C2985956200FC1DF6 /* Frameworks */ = {
			isa = PBXFrameworksBuildPhase;
			buildActionMask = 2147483647;
			files = (
				314C8A9A29C74054008A19BB /* FirebaseDatabaseSwift in Frameworks */,
				31EA189E29B92FCA001AF369 /* MultiProgressView in Frameworks */,
				314C8AB229C74056008A19BB /* FirebasePerformance in Frameworks */,
				314C8AB429C74056008A19BB /* FirebaseRemoteConfig in Frameworks */,
				314C8A8829C74053008A19BB /* FirebaseAnalyticsOnDeviceConversion in Frameworks */,
				314C8AAC29C74055008A19BB /* FirebaseInstallations in Frameworks */,
				314C8AA029C74054008A19BB /* FirebaseFirestoreCombine-Community in Frameworks */,
				314C8AAA29C74055008A19BB /* FirebaseInAppMessagingSwift-Beta in Frameworks */,
				31EA18A229BA571F001AF369 /* Charts in Frameworks */,
				314C8AAE29C74055008A19BB /* FirebaseMLModelDownloader in Frameworks */,
				314C8AB029C74055008A19BB /* FirebaseMessaging in Frameworks */,
				314C8AA229C74054008A19BB /* FirebaseFirestoreSwift in Frameworks */,
				314C8A9E29C74054008A19BB /* FirebaseFirestore in Frameworks */,
				314C8AA429C74054008A19BB /* FirebaseFunctions in Frameworks */,
				3130D8142998DDD700BF6041 /* SnapKit in Frameworks */,
				314C8A8A29C74053008A19BB /* FirebaseAnalyticsSwift in Frameworks */,
				314C8A8629C74053008A19BB /* FirebaseAnalytics in Frameworks */,
				31EA18A929BA5A8D001AF369 /* Algorithms in Frameworks */,
				314C8A9429C74053008A19BB /* FirebaseAuthCombine-Community in Frameworks */,
				314C8A9229C74053008A19BB /* FirebaseAuth in Frameworks */,
				314C8AA629C74054008A19BB /* FirebaseFunctionsCombine-Community in Frameworks */,
				314C8A9629C74053008A19BB /* FirebaseCrashlytics in Frameworks */,
				314C8A9C29C74054008A19BB /* FirebaseDynamicLinks in Frameworks */,
				314C8AB829C74056008A19BB /* FirebaseStorage in Frameworks */,
				314C8AA829C74055008A19BB /* FirebaseInAppMessaging-Beta in Frameworks */,
				314C8AB629C74056008A19BB /* FirebaseRemoteConfigSwift in Frameworks */,
				314C8A9029C74053008A19BB /* FirebaseAppDistribution-Beta in Frameworks */,
				314C8ABA29C74056008A19BB /* FirebaseStorageCombine-Community in Frameworks */,
				314C8A8E29C74053008A19BB /* FirebaseAppCheck in Frameworks */,
				314C8A9829C74054008A19BB /* FirebaseDatabase in Frameworks */,
				314C8A8C29C74053008A19BB /* FirebaseAnalyticsWithoutAdIdSupport in Frameworks */,
			);
			runOnlyForDeploymentPostprocessing = 0;
		};
/* End PBXFrameworksBuildPhase section */

/* Begin PBXGroup section */
		3130D817299AC31200BF6041 /* Statistics */ = {
			isa = PBXGroup;
			children = (
				31FF235029BBC19C00470220 /* StatisticsVC.swift */,
				31FF235229BBC69F00470220 /* ThemeProgressView.swift */,
			);
			path = Statistics;
			sourceTree = "<group>";
		};
		3130D854299FB4FF00BF6041 /* Categories */ = {
			isa = PBXGroup;
			children = (
				31F005EA29A0163C0097C22E /* CategoriesVC.swift */,
				314C8A7F29C704D9008A19BB /* Views */,
			);
			path = Categories;
			sourceTree = "<group>";
		};
		314C8A7229C5C9D7008A19BB /* App Voice Selection Screen */ = {
			isa = PBXGroup;
			children = (
				314C8A7029C5C9D2008A19BB /* AppVoiceSelectionVC.swift */,
				314C8A7329C5CA0A008A19BB /* AppVoiceSelectionCell.swift */,
			);
			path = "App Voice Selection Screen";
			sourceTree = "<group>";
		};
		314C8A7F29C704D9008A19BB /* Views */ = {
			isa = PBXGroup;
			children = (
				31C9416B29D984CB0093ECAB /* CategoriesView.swift */,
				314C8A8029C7050B008A19BB /* CategoriesTableView.swift */,
				31F005EC29A2134E0097C22E /* CategoriesCell.swift */,
			);
			path = Views;
			sourceTree = "<group>";
		};
		314C8ABB29C763B5008A19BB /* Log In */ = {
			isa = PBXGroup;
			children = (
				314C8ABC29C763EC008A19BB /* LogInPopUp.swift */,
				314C8ABE29C7754D008A19BB /* RegisterPopUp.swift */,
				314C8AC029C77FFA008A19BB /* SignOutPopUp.swift */,
			);
			path = "Log In";
			sourceTree = "<group>";
		};
		317D260B29B1FB7D008DCE2E /* QuizeGameVC */ = {
			isa = PBXGroup;
			children = (
				317D260C29B1FBFF008DCE2E /* QuizeGameVC.swift */,
				3112093529B669F800E20DAC /* ResultPopUp.swift */,
				317D261429B4EB74008DCE2E /* QuestionUpdater.swift */,
				317D261A29B50090008DCE2E /* CorrectAnswerCheck.swift */,
			);
			path = QuizeGameVC;
			sourceTree = "<group>";
		};
		31A5425F29E4E05B00D48D26 /* Settings */ = {
			isa = PBXGroup;
			children = (
				31A5426229E4E09B00D48D26 /* SettingsVC.swift */,
				31A5426429E4E0A700D48D26 /* Views */,
				314C8ABB29C763B5008A19BB /* Log In */,
				31FF236129C2621200470220 /* App Theme Selection Screen */,
				314C8A7229C5C9D7008A19BB /* App Voice Selection Screen */,
			);
			path = Settings;
			sourceTree = "<group>";
		};
		31A5426429E4E0A700D48D26 /* Views */ = {
			isa = PBXGroup;
			children = (
				31A5426529E4E0BF00D48D26 /* SettingsView.swift */,
				31A5426729E4E14B00D48D26 /* SettingsTableView.swift */,
				31FF235F29C251AB00470220 /* SettingsCell.swift */,
				314C8AC229C79452008A19BB /* SettingsHeader.swift */,
			);
			path = Views;
			sourceTree = "<group>";
		};
		31C9046C29B10FBF00D9B615 /* Extensions */ = {
			isa = PBXGroup;
			children = (
				31F005EF29A510820097C22E /* Extensions.swift */,
			);
			path = Extensions;
			sourceTree = "<group>";
		};
		31C9416D29D985350093ECAB /* SelectedTheme */ = {
			isa = PBXGroup;
			children = (
				31C9416E29D985510093ECAB /* SelectedThemeVC.swift */,
				31C9417029D9856E0093ECAB /* Views */,
			);
			path = SelectedTheme;
			sourceTree = "<group>";
		};
		31C9417029D9856E0093ECAB /* Views */ = {
			isa = PBXGroup;
			children = (
				31C9417129D9858D0093ECAB /* SelectedThemeView.swift */,
				31C9417329D9889B0093ECAB /* SelectedThemeTable.swift */,
				31B435F429A9557D00EFEA90 /* SelectedThemeCell.swift */,
				31F9BCBC29A7FF9100C913AE /* SelectedThemeHeader.swift */,
				3112093729B671DB00E20DAC /* NoLearnedWordsPopUp.swift */,
				31FF235A29BE6D0600470220 /* AddNewUserWordPopUp.swift */,
				317D261229B4E118008DCE2E /* CheckLearnedWordsCount.swift */,
			);
			path = Views;
			sourceTree = "<group>";
		};
		31EA189929B8FB36001AF369 /* Frameworks */ = {
			isa = PBXGroup;
			children = (
			);
			name = Frameworks;
			sourceTree = "<group>";
		};
		31F005EE29A5105C0097C22E /* Additional Files */ = {
			isa = PBXGroup;
			children = (
				314C8A7529C5DCCE008A19BB /* voices.json */,
				317D261829B4FB00008DCE2E /* Random Words.json */,
				31C9046429AFCB4900D9B615 /* The most popular verbs.json */,
				31C903F229AD314300D9B615 /* Anatomy.json */,
				31C903EE29AD314300D9B615 /* Animals.json */,
				31C903F129AD314300D9B615 /* Appearance.json */,
				31C903F829AD4DBF00D9B615 /* Archeology.json */,
				31C903FA29AD4F1F00D9B615 /* Architecture.json */,
				31F7E82029B7C1210070BDF0 /* Art.json */,
				31C903FE29ADFC0F00D9B615 /* Aviation.json */,
				31C9040229AE061800D9B615 /* Basic Words.json */,
				31C9040829AE348900D9B615 /* Berries.json */,
				31C9040A29AE499D00D9B615 /* Body.json */,
				31C9040C29AE585400D9B615 /* Business.json */,
				31C9040E29AE5EE600D9B615 /* Career.json */,
				31C9041029AE602800D9B615 /* City.json */,
				31C9041229AE659200D9B615 /* Clothes.json */,
				31C9041429AE67A800D9B615 /* Colors.json */,
				31C9041629AE6A9F00D9B615 /* Computer.json */,
				31C9041829AE6D6300D9B615 /* Diseases.json */,
				31C9041A29AE6F8000D9B615 /* Drinks.json */,
				31C9041C29AE71AD00D9B615 /* Economics.json */,
				31C9041E29AE725700D9B615 /* Emotions and Feelings.json */,
				31C9042029AE731300D9B615 /* Family.json */,
				31C9042229AE739400D9B615 /* Fish.json */,
				31C9042429AE743500D9B615 /* Food.json */,
				31C9042629AE74C900D9B615 /* Furniture.json */,
				31C9042829AE761800D9B615 /* Geography.json */,
				31C9042A29AE790600D9B615 /* Geometry.json */,
				31C9042C29AE7B3400D9B615 /* Halloween.json */,
				31C9042E29AE7C4900D9B615 /* Health.json */,
				31C9043029AE7CD100D9B615 /* Hobbies.json */,
				31C9043229AE7D2C00D9B615 /* Home.json */,
				31C9043429AE7E6A00D9B615 /* Kitchen.json */,
				31C9043629AE7EE000D9B615 /* Law.json */,
				31C9043829AE7F6B00D9B615 /* Literature.json */,
				31C9043A29AE7FEA00D9B615 /* Mathematics.json */,
				31C9043C29AE813E00D9B615 /* Money.json */,
				31C9043E29AE823100D9B615 /* Months.json */,
				31C9044029AE857900D9B615 /* Movie.json */,
				31C9044229AE865000D9B615 /* Music.json */,
				31C9044429AE879000D9B615 /* New Year.json */,
				31C9044629AE89A200D9B615 /* Numerals.json */,
				31C9044829AE8A2000D9B615 /* Personality.json */,
				31C9046029AE9CF800D9B615 /* Politics.json */,
				31C9046229AE9D6800D9B615 /* Professions.json */,
				31C9044A29AE8AF900D9B615 /* School Subjects.json */,
				31C9044C29AE8C1000D9B615 /* Space.json */,
				31C9044E29AE8C9800D9B615 /* Sport.json */,
				31C9045029AE8EBD00D9B615 /* Summer.json */,
				31C9045229AE8FA200D9B615 /* Tastes.json */,
				31C9045429AE900600D9B615 /* Time.json */,
				31C9045629AE935F00D9B615 /* Travelling.json */,
				31C9045829AE947700D9B615 /* Vegetables.json */,
				31C9045A29AE95A700D9B615 /* Weather.json */,
				31C9045C29AE95F900D9B615 /* Weekday.json */,
				31C9045E29AE991600D9B615 /* Work.json */,
				31FF235829BE4D5300470220 /* TestTheme.json */,
				31C903F029AD314300D9B615 /* Themes.json */,
			);
			path = "Additional Files";
			sourceTree = "<group>";
		};
		31F005F329A54C6A0097C22E /* Services */ = {
			isa = PBXGroup;
			children = (
				31F005F129A54C520097C22E /* JsonService.swift */,
				317D261029B489F4008DCE2E /* WordsArchiverService.swift */,
				3127A02F29C32CAF004C90F9 /* ThemeAppArchiverService.swift */,
				31C9417529DA215D0093ECAB /* VoiceAppArchieverService.swift */,
			);
			path = Services;
			sourceTree = "<group>";
		};
		31F005FB29A6A3A70097C22E /* TabBar */ = {
			isa = PBXGroup;
			children = (
				3130D815299AC27300BF6041 /* AppTabBar.swift */,
			);
			path = TabBar;
			sourceTree = "<group>";
		};
		31FB99062985956200FC1DF6 = {
			isa = PBXGroup;
			children = (
				31FB99112985956200FC1DF6 /* English Trainee */,
				31FB99102985956200FC1DF6 /* Products */,
				31EA189929B8FB36001AF369 /* Frameworks */,
			);
			sourceTree = "<group>";
		};
		31FB99102985956200FC1DF6 /* Products */ = {
			isa = PBXGroup;
			children = (
				31FB990F2985956200FC1DF6 /* English Trainee.app */,
			);
			name = Products;
			sourceTree = "<group>";
		};
		31FB99112985956200FC1DF6 /* English Trainee */ = {
			isa = PBXGroup;
			children = (
				31C9046C29B10FBF00D9B615 /* Extensions */,
				31FB99292985962F00FC1DF6 /* App */,
				31FB99262985958700FC1DF6 /* Screens */,
				31F005F329A54C6A0097C22E /* Services */,
				31FB99272985958F00FC1DF6 /* Models */,
				31F005EE29A5105C0097C22E /* Additional Files */,
				31FB99282985959600FC1DF6 /* Resources */,
			);
			path = "English Trainee";
			sourceTree = "<group>";
		};
		31FB99262985958700FC1DF6 /* Screens */ = {
			isa = PBXGroup;
			children = (
				3130D817299AC31200BF6041 /* Statistics */,
				3130D854299FB4FF00BF6041 /* Categories */,
				31C9416D29D985350093ECAB /* SelectedTheme */,
				317D260B29B1FB7D008DCE2E /* QuizeGameVC */,
				31A5425F29E4E05B00D48D26 /* Settings */,
			);
			path = Screens;
			sourceTree = "<group>";
		};
		31FB99272985958F00FC1DF6 /* Models */ = {
			isa = PBXGroup;
			children = (
				31F005F529A54C8D0097C22E /* JsonModelCategories.swift */,
				31FF235629BE249A00470220 /* Phrases.swift */,
				3127A02929C27893004C90F9 /* SectionRowsNames.swift */,
				3127A02B29C278B2004C90F9 /* AppThemesNames.swift */,
			);
			path = Models;
			sourceTree = "<group>";
		};
		31FB99282985959600FC1DF6 /* Resources */ = {
			isa = PBXGroup;
			children = (
				314C8A8229C73F74008A19BB /* GoogleService-Info.plist */,
				31FB99202985956400FC1DF6 /* Info.plist */,
				31FB991D2985956400FC1DF6 /* LaunchScreen.storyboard */,
				31F9BCB729A7732700C913AE /* Assets.xcassets */,
			);
			path = Resources;
			sourceTree = "<group>";
		};
		31FB99292985962F00FC1DF6 /* App */ = {
			isa = PBXGroup;
			children = (
				31FB99122985956200FC1DF6 /* AppDelegate.swift */,
				31FB99142985956200FC1DF6 /* SceneDelegate.swift */,
				311FAF6429E9BA1200DC6889 /* ScreenFactory.swift */,
				31F005FB29A6A3A70097C22E /* TabBar */,
			);
			path = App;
			sourceTree = "<group>";
		};
		31FF236129C2621200470220 /* App Theme Selection Screen */ = {
			isa = PBXGroup;
			children = (
				3127A02729C262F9004C90F9 /* AppThemeSelectionVC.swift */,
				3127A02D29C279CD004C90F9 /* AppThemeSelectionCell.swift */,
			);
			path = "App Theme Selection Screen";
			sourceTree = "<group>";
		};
/* End PBXGroup section */

/* Begin PBXNativeTarget section */
		31FB990E2985956200FC1DF6 /* English Trainee */ = {
			isa = PBXNativeTarget;
			buildConfigurationList = 31FB99232985956400FC1DF6 /* Build configuration list for PBXNativeTarget "English Trainee" */;
			buildPhases = (
				31FB990B2985956200FC1DF6 /* Sources */,
				31FB990C2985956200FC1DF6 /* Frameworks */,
				31FB990D2985956200FC1DF6 /* Resources */,
				31EA18A629BA572D001AF369 /* Embed Frameworks */,
			);
			buildRules = (
			);
			dependencies = (
			);
			name = "English Trainee";
			packageProductDependencies = (
				3130D8132998DDD700BF6041 /* SnapKit */,
				31EA189D29B92FCA001AF369 /* MultiProgressView */,
				31EA18A129BA571F001AF369 /* Charts */,
				31EA18A829BA5A8D001AF369 /* Algorithms */,
				314C8A8529C74053008A19BB /* FirebaseAnalytics */,
				314C8A8729C74053008A19BB /* FirebaseAnalyticsOnDeviceConversion */,
				314C8A8929C74053008A19BB /* FirebaseAnalyticsSwift */,
				314C8A8B29C74053008A19BB /* FirebaseAnalyticsWithoutAdIdSupport */,
				314C8A8D29C74053008A19BB /* FirebaseAppCheck */,
				314C8A8F29C74053008A19BB /* FirebaseAppDistribution-Beta */,
				314C8A9129C74053008A19BB /* FirebaseAuth */,
				314C8A9329C74053008A19BB /* FirebaseAuthCombine-Community */,
				314C8A9529C74053008A19BB /* FirebaseCrashlytics */,
				314C8A9729C74054008A19BB /* FirebaseDatabase */,
				314C8A9929C74054008A19BB /* FirebaseDatabaseSwift */,
				314C8A9B29C74054008A19BB /* FirebaseDynamicLinks */,
				314C8A9D29C74054008A19BB /* FirebaseFirestore */,
				314C8A9F29C74054008A19BB /* FirebaseFirestoreCombine-Community */,
				314C8AA129C74054008A19BB /* FirebaseFirestoreSwift */,
				314C8AA329C74054008A19BB /* FirebaseFunctions */,
				314C8AA529C74054008A19BB /* FirebaseFunctionsCombine-Community */,
				314C8AA729C74055008A19BB /* FirebaseInAppMessaging-Beta */,
				314C8AA929C74055008A19BB /* FirebaseInAppMessagingSwift-Beta */,
				314C8AAB29C74055008A19BB /* FirebaseInstallations */,
				314C8AAD29C74055008A19BB /* FirebaseMLModelDownloader */,
				314C8AAF29C74055008A19BB /* FirebaseMessaging */,
				314C8AB129C74056008A19BB /* FirebasePerformance */,
				314C8AB329C74056008A19BB /* FirebaseRemoteConfig */,
				314C8AB529C74056008A19BB /* FirebaseRemoteConfigSwift */,
				314C8AB729C74056008A19BB /* FirebaseStorage */,
				314C8AB929C74056008A19BB /* FirebaseStorageCombine-Community */,
			);
			productName = "English Trainee";
			productReference = 31FB990F2985956200FC1DF6 /* English Trainee.app */;
			productType = "com.apple.product-type.application";
		};
/* End PBXNativeTarget section */

/* Begin PBXProject section */
		31FB99072985956200FC1DF6 /* Project object */ = {
			isa = PBXProject;
			attributes = {
				BuildIndependentTargetsInParallel = 1;
				LastSwiftUpdateCheck = 1410;
				LastUpgradeCheck = 1410;
				TargetAttributes = {
					31FB990E2985956200FC1DF6 = {
						CreatedOnToolsVersion = 14.1;
					};
				};
			};
			buildConfigurationList = 31FB990A2985956200FC1DF6 /* Build configuration list for PBXProject "English Trainee" */;
			compatibilityVersion = "Xcode 14.0";
			developmentRegion = en;
			hasScannedForEncodings = 0;
			knownRegions = (
				en,
				Base,
			);
			mainGroup = 31FB99062985956200FC1DF6;
			packageReferences = (
				3130D8122998DDD700BF6041 /* XCRemoteSwiftPackageReference "SnapKit" */,
				31EA189429B8F9F3001AF369 /* XCRemoteSwiftPackageReference "Charts" */,
				31EA189C29B92FCA001AF369 /* XCRemoteSwiftPackageReference "MultiProgressView" */,
				31EA18A729BA5A8D001AF369 /* XCRemoteSwiftPackageReference "swift-algorithms" */,
				314C8A8429C74053008A19BB /* XCRemoteSwiftPackageReference "firebase-ios-sdk" */,
			);
			productRefGroup = 31FB99102985956200FC1DF6 /* Products */;
			projectDirPath = "";
			projectRoot = "";
			targets = (
				31FB990E2985956200FC1DF6 /* English Trainee */,
			);
		};
/* End PBXProject section */

/* Begin PBXResourcesBuildPhase section */
		31FB990D2985956200FC1DF6 /* Resources */ = {
			isa = PBXResourcesBuildPhase;
			buildActionMask = 2147483647;
			files = (
				31C9043729AE7EE000D9B615 /* Law.json in Resources */,
				31C9041929AE6D6300D9B615 /* Diseases.json in Resources */,
				31C9043129AE7CD100D9B615 /* Hobbies.json in Resources */,
				31C9046129AE9CF800D9B615 /* Politics.json in Resources */,
				31C903FF29ADFC0F00D9B615 /* Aviation.json in Resources */,
				31C9042729AE74C900D9B615 /* Furniture.json in Resources */,
				31C9040329AE061800D9B615 /* Basic Words.json in Resources */,
				31C903FB29AD4F2000D9B615 /* Architecture.json in Resources */,
				31C9046529AFCB4900D9B615 /* The most popular verbs.json in Resources */,
				31C9042B29AE790600D9B615 /* Geometry.json in Resources */,
				31C9045D29AE95F900D9B615 /* Weekday.json in Resources */,
				31C9044729AE89A200D9B615 /* Numerals.json in Resources */,
				31C9043B29AE7FEA00D9B615 /* Mathematics.json in Resources */,
				31C9044929AE8A2100D9B615 /* Personality.json in Resources */,
				31C9040B29AE499E00D9B615 /* Body.json in Resources */,
				314C8A8329C73F74008A19BB /* GoogleService-Info.plist in Resources */,
				31F7E82129B7C1210070BDF0 /* Art.json in Resources */,
				31FB991F2985956400FC1DF6 /* LaunchScreen.storyboard in Resources */,
				31C9041B29AE6F8000D9B615 /* Drinks.json in Resources */,
				31C9042F29AE7C4900D9B615 /* Health.json in Resources */,
				31C9041129AE602900D9B615 /* City.json in Resources */,
				31C9043329AE7D2C00D9B615 /* Home.json in Resources */,
				31C9041F29AE725700D9B615 /* Emotions and Feelings.json in Resources */,
				31C9044129AE857900D9B615 /* Movie.json in Resources */,
				31C9040F29AE5EE600D9B615 /* Career.json in Resources */,
				31C9042529AE743500D9B615 /* Food.json in Resources */,
				31C903F329AD314300D9B615 /* Animals.json in Resources */,
				31C9045B29AE95A700D9B615 /* Weather.json in Resources */,
				31C9044529AE879000D9B615 /* New Year.json in Resources */,
				31C9040929AE348900D9B615 /* Berries.json in Resources */,
				314C8A7629C5DCCE008A19BB /* voices.json in Resources */,
				31C9043D29AE813E00D9B615 /* Money.json in Resources */,
				31C903F929AD4DBF00D9B615 /* Archeology.json in Resources */,
				31C9044B29AE8AF900D9B615 /* School Subjects.json in Resources */,
				31C9040D29AE585400D9B615 /* Business.json in Resources */,
				31C9043529AE7E6A00D9B615 /* Kitchen.json in Resources */,
				31C9042D29AE7B3400D9B615 /* Halloween.json in Resources */,
				31C9045329AE8FA200D9B615 /* Tastes.json in Resources */,
				31C903F529AD314300D9B615 /* Themes.json in Resources */,
				31F9BCB829A7732700C913AE /* Assets.xcassets in Resources */,
				31C9041529AE67A900D9B615 /* Colors.json in Resources */,
				31C9043929AE7F6B00D9B615 /* Literature.json in Resources */,
				31C9045529AE900600D9B615 /* Time.json in Resources */,
				31C903F729AD314300D9B615 /* Anatomy.json in Resources */,
				31C9046329AE9D6800D9B615 /* Professions.json in Resources */,
				31C9042329AE739400D9B615 /* Fish.json in Resources */,
				31C9045129AE8EBD00D9B615 /* Summer.json in Resources */,
				31C9041729AE6A9F00D9B615 /* Computer.json in Resources */,
				31C903F629AD314300D9B615 /* Appearance.json in Resources */,
				31C9045F29AE991600D9B615 /* Work.json in Resources */,
				31C9042929AE761800D9B615 /* Geography.json in Resources */,
				31C9045929AE947700D9B615 /* Vegetables.json in Resources */,
				31C9041329AE659200D9B615 /* Clothes.json in Resources */,
				31C9043F29AE823100D9B615 /* Months.json in Resources */,
				31C9044F29AE8C9800D9B615 /* Sport.json in Resources */,
				31C9045729AE935F00D9B615 /* Travelling.json in Resources */,
				31C9041D29AE71AD00D9B615 /* Economics.json in Resources */,
				31FF235929BE4D5300470220 /* TestTheme.json in Resources */,
				31C9044D29AE8C1000D9B615 /* Space.json in Resources */,
				317D261929B4FB00008DCE2E /* Random Words.json in Resources */,
				31C9042129AE731300D9B615 /* Family.json in Resources */,
				31C9044329AE865000D9B615 /* Music.json in Resources */,
			);
			runOnlyForDeploymentPostprocessing = 0;
		};
/* End PBXResourcesBuildPhase section */

/* Begin PBXSourcesBuildPhase section */
		31FB990B2985956200FC1DF6 /* Sources */ = {
			isa = PBXSourcesBuildPhase;
			buildActionMask = 2147483647;
			files = (
				317D261329B4E118008DCE2E /* CheckLearnedWordsCount.swift in Sources */,
				317D261B29B50090008DCE2E /* CorrectAnswerCheck.swift in Sources */,
				31C9417629DA215D0093ECAB /* VoiceAppArchieverService.swift in Sources */,
				31A5426829E4E14B00D48D26 /* SettingsTableView.swift in Sources */,
				31F005F629A54C8D0097C22E /* JsonModelCategories.swift in Sources */,
				314C8ABF29C7754D008A19BB /* RegisterPopUp.swift in Sources */,
				31FF235B29BE6D0600470220 /* AddNewUserWordPopUp.swift in Sources */,
				3127A02E29C279CD004C90F9 /* AppThemeSelectionCell.swift in Sources */,
				31C9416C29D984CB0093ECAB /* CategoriesView.swift in Sources */,
				314C8A7429C5CA0A008A19BB /* AppVoiceSelectionCell.swift in Sources */,
				3112093829B671DB00E20DAC /* NoLearnedWordsPopUp.swift in Sources */,
				31A5426329E4E09B00D48D26 /* SettingsVC.swift in Sources */,
				31FB99132985956200FC1DF6 /* AppDelegate.swift in Sources */,
				314C8A8129C7050B008A19BB /* CategoriesTableView.swift in Sources */,
				31F005F029A510820097C22E /* Extensions.swift in Sources */,
				31FF235329BBC69F00470220 /* ThemeProgressView.swift in Sources */,
				31F005F229A54C520097C22E /* JsonService.swift in Sources */,
				31FF235729BE249A00470220 /* Phrases.swift in Sources */,
				314C8A7129C5C9D2008A19BB /* AppVoiceSelectionVC.swift in Sources */,
				3127A03029C32CAF004C90F9 /* ThemeAppArchiverService.swift in Sources */,
				3112093629B669F800E20DAC /* ResultPopUp.swift in Sources */,
				31A5426629E4E0BF00D48D26 /* SettingsView.swift in Sources */,
				31F005EB29A0163C0097C22E /* CategoriesVC.swift in Sources */,
				31F9BCBD29A7FF9100C913AE /* SelectedThemeHeader.swift in Sources */,
				31C9416F29D985510093ECAB /* SelectedThemeVC.swift in Sources */,
				3127A02829C262F9004C90F9 /* AppThemeSelectionVC.swift in Sources */,
				31FB99152985956200FC1DF6 /* SceneDelegate.swift in Sources */,
				317D261129B489F4008DCE2E /* WordsArchiverService.swift in Sources */,
				31C9417429D9889B0093ECAB /* SelectedThemeTable.swift in Sources */,
				3127A02C29C278B2004C90F9 /* AppThemesNames.swift in Sources */,
				31F005ED29A2134E0097C22E /* CategoriesCell.swift in Sources */,
				31B435F529A9557D00EFEA90 /* SelectedThemeCell.swift in Sources */,
				3127A02A29C27893004C90F9 /* SectionRowsNames.swift in Sources */,
				31FF235129BBC19C00470220 /* StatisticsVC.swift in Sources */,
				31C9417229D9858D0093ECAB /* SelectedThemeView.swift in Sources */,
				31FF236029C251AB00470220 /* SettingsCell.swift in Sources */,
				314C8ABD29C763ED008A19BB /* LogInPopUp.swift in Sources */,
				311FAF6529E9BA1200DC6889 /* ScreenFactory.swift in Sources */,
				317D260D29B1FBFF008DCE2E /* QuizeGameVC.swift in Sources */,
				317D261529B4EB74008DCE2E /* QuestionUpdater.swift in Sources */,
				314C8AC329C79453008A19BB /* SettingsHeader.swift in Sources */,
				3130D816299AC27300BF6041 /* AppTabBar.swift in Sources */,
				314C8AC129C77FFA008A19BB /* SignOutPopUp.swift in Sources */,
			);
			runOnlyForDeploymentPostprocessing = 0;
		};
/* End PBXSourcesBuildPhase section */

/* Begin PBXVariantGroup section */
		31FB991D2985956400FC1DF6 /* LaunchScreen.storyboard */ = {
			isa = PBXVariantGroup;
			children = (
				31FB991E2985956400FC1DF6 /* Base */,
			);
			name = LaunchScreen.storyboard;
			sourceTree = "<group>";
		};
/* End PBXVariantGroup section */

/* Begin XCBuildConfiguration section */
		31FB99212985956400FC1DF6 /* Debug */ = {
			isa = XCBuildConfiguration;
			buildSettings = {
				ALWAYS_SEARCH_USER_PATHS = NO;
				CLANG_ANALYZER_NONNULL = YES;
				CLANG_ANALYZER_NUMBER_OBJECT_CONVERSION = YES_AGGRESSIVE;
				CLANG_CXX_LANGUAGE_STANDARD = "gnu++20";
				CLANG_ENABLE_MODULES = YES;
				CLANG_ENABLE_OBJC_ARC = YES;
				CLANG_ENABLE_OBJC_WEAK = YES;
				CLANG_WARN_BLOCK_CAPTURE_AUTORELEASING = YES;
				CLANG_WARN_BOOL_CONVERSION = YES;
				CLANG_WARN_COMMA = YES;
				CLANG_WARN_CONSTANT_CONVERSION = YES;
				CLANG_WARN_DEPRECATED_OBJC_IMPLEMENTATIONS = YES;
				CLANG_WARN_DIRECT_OBJC_ISA_USAGE = YES_ERROR;
				CLANG_WARN_DOCUMENTATION_COMMENTS = YES;
				CLANG_WARN_EMPTY_BODY = YES;
				CLANG_WARN_ENUM_CONVERSION = YES;
				CLANG_WARN_INFINITE_RECURSION = YES;
				CLANG_WARN_INT_CONVERSION = YES;
				CLANG_WARN_NON_LITERAL_NULL_CONVERSION = YES;
				CLANG_WARN_OBJC_IMPLICIT_RETAIN_SELF = YES;
				CLANG_WARN_OBJC_LITERAL_CONVERSION = YES;
				CLANG_WARN_OBJC_ROOT_CLASS = YES_ERROR;
				CLANG_WARN_QUOTED_INCLUDE_IN_FRAMEWORK_HEADER = YES;
				CLANG_WARN_RANGE_LOOP_ANALYSIS = YES;
				CLANG_WARN_STRICT_PROTOTYPES = YES;
				CLANG_WARN_SUSPICIOUS_MOVE = YES;
				CLANG_WARN_UNGUARDED_AVAILABILITY = YES_AGGRESSIVE;
				CLANG_WARN_UNREACHABLE_CODE = YES;
				CLANG_WARN__DUPLICATE_METHOD_MATCH = YES;
				COPY_PHASE_STRIP = NO;
				DEBUG_INFORMATION_FORMAT = dwarf;
				ENABLE_STRICT_OBJC_MSGSEND = YES;
				ENABLE_TESTABILITY = YES;
				GCC_C_LANGUAGE_STANDARD = gnu11;
				GCC_DYNAMIC_NO_PIC = NO;
				GCC_NO_COMMON_BLOCKS = YES;
				GCC_OPTIMIZATION_LEVEL = 0;
				GCC_PREPROCESSOR_DEFINITIONS = (
					"DEBUG=1",
					"$(inherited)",
				);
				GCC_WARN_64_TO_32_BIT_CONVERSION = YES;
				GCC_WARN_ABOUT_RETURN_TYPE = YES_ERROR;
				GCC_WARN_UNDECLARED_SELECTOR = YES;
				GCC_WARN_UNINITIALIZED_AUTOS = YES_AGGRESSIVE;
				GCC_WARN_UNUSED_FUNCTION = YES;
				GCC_WARN_UNUSED_VARIABLE = YES;
				INFOPLIST_KEY_UIApplicationSupportsIndirectInputEvents = NO;
				INFOPLIST_KEY_UIMainStoryboardFile = "";
				IPHONEOS_DEPLOYMENT_TARGET = 13.0;
				MTL_ENABLE_DEBUG_INFO = INCLUDE_SOURCE;
				MTL_FAST_MATH = YES;
				ONLY_ACTIVE_ARCH = YES;
				SDKROOT = iphoneos;
				SWIFT_ACTIVE_COMPILATION_CONDITIONS = DEBUG;
				SWIFT_OPTIMIZATION_LEVEL = "-Onone";
			};
			name = Debug;
		};
		31FB99222985956400FC1DF6 /* Release */ = {
			isa = XCBuildConfiguration;
			buildSettings = {
				ALWAYS_SEARCH_USER_PATHS = NO;
				CLANG_ANALYZER_NONNULL = YES;
				CLANG_ANALYZER_NUMBER_OBJECT_CONVERSION = YES_AGGRESSIVE;
				CLANG_CXX_LANGUAGE_STANDARD = "gnu++20";
				CLANG_ENABLE_MODULES = YES;
				CLANG_ENABLE_OBJC_ARC = YES;
				CLANG_ENABLE_OBJC_WEAK = YES;
				CLANG_WARN_BLOCK_CAPTURE_AUTORELEASING = YES;
				CLANG_WARN_BOOL_CONVERSION = YES;
				CLANG_WARN_COMMA = YES;
				CLANG_WARN_CONSTANT_CONVERSION = YES;
				CLANG_WARN_DEPRECATED_OBJC_IMPLEMENTATIONS = YES;
				CLANG_WARN_DIRECT_OBJC_ISA_USAGE = YES_ERROR;
				CLANG_WARN_DOCUMENTATION_COMMENTS = YES;
				CLANG_WARN_EMPTY_BODY = YES;
				CLANG_WARN_ENUM_CONVERSION = YES;
				CLANG_WARN_INFINITE_RECURSION = YES;
				CLANG_WARN_INT_CONVERSION = YES;
				CLANG_WARN_NON_LITERAL_NULL_CONVERSION = YES;
				CLANG_WARN_OBJC_IMPLICIT_RETAIN_SELF = YES;
				CLANG_WARN_OBJC_LITERAL_CONVERSION = YES;
				CLANG_WARN_OBJC_ROOT_CLASS = YES_ERROR;
				CLANG_WARN_QUOTED_INCLUDE_IN_FRAMEWORK_HEADER = YES;
				CLANG_WARN_RANGE_LOOP_ANALYSIS = YES;
				CLANG_WARN_STRICT_PROTOTYPES = YES;
				CLANG_WARN_SUSPICIOUS_MOVE = YES;
				CLANG_WARN_UNGUARDED_AVAILABILITY = YES_AGGRESSIVE;
				CLANG_WARN_UNREACHABLE_CODE = YES;
				CLANG_WARN__DUPLICATE_METHOD_MATCH = YES;
				COPY_PHASE_STRIP = NO;
				DEBUG_INFORMATION_FORMAT = "dwarf-with-dsym";
				ENABLE_NS_ASSERTIONS = NO;
				ENABLE_STRICT_OBJC_MSGSEND = YES;
				GCC_C_LANGUAGE_STANDARD = gnu11;
				GCC_NO_COMMON_BLOCKS = YES;
				GCC_WARN_64_TO_32_BIT_CONVERSION = YES;
				GCC_WARN_ABOUT_RETURN_TYPE = YES_ERROR;
				GCC_WARN_UNDECLARED_SELECTOR = YES;
				GCC_WARN_UNINITIALIZED_AUTOS = YES_AGGRESSIVE;
				GCC_WARN_UNUSED_FUNCTION = YES;
				GCC_WARN_UNUSED_VARIABLE = YES;
				INFOPLIST_KEY_UIApplicationSupportsIndirectInputEvents = NO;
				INFOPLIST_KEY_UIMainStoryboardFile = "";
				IPHONEOS_DEPLOYMENT_TARGET = 13.0;
				MTL_ENABLE_DEBUG_INFO = NO;
				MTL_FAST_MATH = YES;
				SDKROOT = iphoneos;
				SWIFT_COMPILATION_MODE = wholemodule;
				SWIFT_OPTIMIZATION_LEVEL = "-O";
				VALIDATE_PRODUCT = YES;
			};
			name = Release;
		};
		31FB99242985956400FC1DF6 /* Debug */ = {
			isa = XCBuildConfiguration;
			buildSettings = {
				ASSETCATALOG_COMPILER_APPICON_NAME = AppIcon;
				ASSETCATALOG_COMPILER_GLOBAL_ACCENT_COLOR_NAME = AccentColor;
				CODE_SIGN_IDENTITY = "Apple Development";
				CODE_SIGN_STYLE = Automatic;
				CURRENT_PROJECT_VERSION = 1;
				DEVELOPMENT_TEAM = X6KM3C5872;
				GENERATE_INFOPLIST_FILE = YES;
				INFOPLIST_FILE = "English Trainee/Resources/Info.plist";
				INFOPLIST_KEY_CFBundleDisplayName = iLearn;
				INFOPLIST_KEY_LSApplicationCategoryType = "public.app-category.education";
				INFOPLIST_KEY_UIApplicationSupportsIndirectInputEvents = YES;
				INFOPLIST_KEY_UILaunchStoryboardName = LaunchScreen;
				INFOPLIST_KEY_UIMainStoryboardFile = "";
				INFOPLIST_KEY_UISupportedInterfaceOrientations = UIInterfaceOrientationPortrait;
				INFOPLIST_KEY_UISupportedInterfaceOrientations_iPad = "UIInterfaceOrientationLandscapeLeft UIInterfaceOrientationLandscapeRight UIInterfaceOrientationPortrait UIInterfaceOrientationPortraitUpsideDown";
				INFOPLIST_KEY_UIUserInterfaceStyle = Light;
				IPHONEOS_DEPLOYMENT_TARGET = 13.0;
				LD_RUNPATH_SEARCH_PATHS = (
					"$(inherited)",
					"@executable_path/Frameworks",
				);
				MARKETING_VERSION = 1.0.0;
				PRODUCT_BUNDLE_IDENTIFIER = "Nikolay-Lermontov.iLearn";
				PRODUCT_NAME = "$(TARGET_NAME)";
				PROVISIONING_PROFILE_SPECIFIER = "";
				SUPPORTED_PLATFORMS = "iphoneos iphonesimulator";
				SUPPORTS_MACCATALYST = NO;
				SUPPORTS_MAC_DESIGNED_FOR_IPHONE_IPAD = NO;
				SWIFT_EMIT_LOC_STRINGS = YES;
				SWIFT_VERSION = 5.0;
				TARGETED_DEVICE_FAMILY = 1;
			};
			name = Debug;
		};
		31FB99252985956400FC1DF6 /* Release */ = {
			isa = XCBuildConfiguration;
			buildSettings = {
				ASSETCATALOG_COMPILER_APPICON_NAME = AppIcon;
				ASSETCATALOG_COMPILER_GLOBAL_ACCENT_COLOR_NAME = AccentColor;
				CODE_SIGN_IDENTITY = "Apple Development";
				CODE_SIGN_STYLE = Automatic;
				CURRENT_PROJECT_VERSION = 1;
				DEVELOPMENT_TEAM = X6KM3C5872;
				GENERATE_INFOPLIST_FILE = YES;
				INFOPLIST_FILE = "English Trainee/Resources/Info.plist";
				INFOPLIST_KEY_CFBundleDisplayName = iLearn;
				INFOPLIST_KEY_LSApplicationCategoryType = "public.app-category.education";
				INFOPLIST_KEY_UIApplicationSupportsIndirectInputEvents = YES;
				INFOPLIST_KEY_UILaunchStoryboardName = LaunchScreen;
				INFOPLIST_KEY_UIMainStoryboardFile = "";
				INFOPLIST_KEY_UISupportedInterfaceOrientations = UIInterfaceOrientationPortrait;
				INFOPLIST_KEY_UISupportedInterfaceOrientations_iPad = "UIInterfaceOrientationLandscapeLeft UIInterfaceOrientationLandscapeRight UIInterfaceOrientationPortrait UIInterfaceOrientationPortraitUpsideDown";
				INFOPLIST_KEY_UIUserInterfaceStyle = Light;
				IPHONEOS_DEPLOYMENT_TARGET = 13.0;
				LD_RUNPATH_SEARCH_PATHS = (
					"$(inherited)",
					"@executable_path/Frameworks",
				);
				MARKETING_VERSION = 1.0.0;
				PRODUCT_BUNDLE_IDENTIFIER = "Nikolay-Lermontov.iLearn";
				PRODUCT_NAME = "$(TARGET_NAME)";
				PROVISIONING_PROFILE_SPECIFIER = "";
				SUPPORTED_PLATFORMS = "iphoneos iphonesimulator";
				SUPPORTS_MACCATALYST = NO;
				SUPPORTS_MAC_DESIGNED_FOR_IPHONE_IPAD = NO;
				SWIFT_EMIT_LOC_STRINGS = YES;
				SWIFT_VERSION = 5.0;
				TARGETED_DEVICE_FAMILY = 1;
			};
			name = Release;
		};
/* End XCBuildConfiguration section */

/* Begin XCConfigurationList section */
		31FB990A2985956200FC1DF6 /* Build configuration list for PBXProject "English Trainee" */ = {
			isa = XCConfigurationList;
			buildConfigurations = (
				31FB99212985956400FC1DF6 /* Debug */,
				31FB99222985956400FC1DF6 /* Release */,
			);
			defaultConfigurationIsVisible = 0;
			defaultConfigurationName = Release;
		};
		31FB99232985956400FC1DF6 /* Build configuration list for PBXNativeTarget "English Trainee" */ = {
			isa = XCConfigurationList;
			buildConfigurations = (
				31FB99242985956400FC1DF6 /* Debug */,
				31FB99252985956400FC1DF6 /* Release */,
			);
			defaultConfigurationIsVisible = 0;
			defaultConfigurationName = Release;
		};
/* End XCConfigurationList section */

/* Begin XCRemoteSwiftPackageReference section */
		3130D8122998DDD700BF6041 /* XCRemoteSwiftPackageReference "SnapKit" */ = {
			isa = XCRemoteSwiftPackageReference;
			repositoryURL = "https://github.com/SnapKit/SnapKit.git";
			requirement = {
				kind = upToNextMinorVersion;
				minimumVersion = 5.6.0;
			};
		};
		314C8A8429C74053008A19BB /* XCRemoteSwiftPackageReference "firebase-ios-sdk" */ = {
			isa = XCRemoteSwiftPackageReference;
			repositoryURL = "https://github.com/firebase/firebase-ios-sdk";
			requirement = {
				kind = exactVersion;
				version = 9.6.0;
			};
		};
		31EA189429B8F9F3001AF369 /* XCRemoteSwiftPackageReference "Charts" */ = {
			isa = XCRemoteSwiftPackageReference;
			repositoryURL = "https://github.com/danielgindi/Charts";
			requirement = {
				branch = master;
				kind = branch;
			};
		};
		31EA189C29B92FCA001AF369 /* XCRemoteSwiftPackageReference "MultiProgressView" */ = {
			isa = XCRemoteSwiftPackageReference;
			repositoryURL = "https://github.com/mac-gallagher/MultiProgressView";
			requirement = {
				kind = upToNextMajorVersion;
				minimumVersion = 1.0.0;
			};
		};
		31EA18A729BA5A8D001AF369 /* XCRemoteSwiftPackageReference "swift-algorithms" */ = {
			isa = XCRemoteSwiftPackageReference;
			repositoryURL = "https://github.com/apple/swift-algorithms.git";
			requirement = {
				kind = upToNextMajorVersion;
				minimumVersion = 1.0.0;
			};
		};
/* End XCRemoteSwiftPackageReference section */

/* Begin XCSwiftPackageProductDependency section */
		3130D8132998DDD700BF6041 /* SnapKit */ = {
			isa = XCSwiftPackageProductDependency;
			package = 3130D8122998DDD700BF6041 /* XCRemoteSwiftPackageReference "SnapKit" */;
			productName = SnapKit;
		};
		314C8A8529C74053008A19BB /* FirebaseAnalytics */ = {
			isa = XCSwiftPackageProductDependency;
			package = 314C8A8429C74053008A19BB /* XCRemoteSwiftPackageReference "firebase-ios-sdk" */;
			productName = FirebaseAnalytics;
		};
		314C8A8729C74053008A19BB /* FirebaseAnalyticsOnDeviceConversion */ = {
			isa = XCSwiftPackageProductDependency;
			package = 314C8A8429C74053008A19BB /* XCRemoteSwiftPackageReference "firebase-ios-sdk" */;
			productName = FirebaseAnalyticsOnDeviceConversion;
		};
		314C8A8929C74053008A19BB /* FirebaseAnalyticsSwift */ = {
			isa = XCSwiftPackageProductDependency;
			package = 314C8A8429C74053008A19BB /* XCRemoteSwiftPackageReference "firebase-ios-sdk" */;
			productName = FirebaseAnalyticsSwift;
		};
		314C8A8B29C74053008A19BB /* FirebaseAnalyticsWithoutAdIdSupport */ = {
			isa = XCSwiftPackageProductDependency;
			package = 314C8A8429C74053008A19BB /* XCRemoteSwiftPackageReference "firebase-ios-sdk" */;
			productName = FirebaseAnalyticsWithoutAdIdSupport;
		};
		314C8A8D29C74053008A19BB /* FirebaseAppCheck */ = {
			isa = XCSwiftPackageProductDependency;
			package = 314C8A8429C74053008A19BB /* XCRemoteSwiftPackageReference "firebase-ios-sdk" */;
			productName = FirebaseAppCheck;
		};
		314C8A8F29C74053008A19BB /* FirebaseAppDistribution-Beta */ = {
			isa = XCSwiftPackageProductDependency;
			package = 314C8A8429C74053008A19BB /* XCRemoteSwiftPackageReference "firebase-ios-sdk" */;
			productName = "FirebaseAppDistribution-Beta";
		};
		314C8A9129C74053008A19BB /* FirebaseAuth */ = {
			isa = XCSwiftPackageProductDependency;
			package = 314C8A8429C74053008A19BB /* XCRemoteSwiftPackageReference "firebase-ios-sdk" */;
			productName = FirebaseAuth;
		};
		314C8A9329C74053008A19BB /* FirebaseAuthCombine-Community */ = {
			isa = XCSwiftPackageProductDependency;
			package = 314C8A8429C74053008A19BB /* XCRemoteSwiftPackageReference "firebase-ios-sdk" */;
			productName = "FirebaseAuthCombine-Community";
		};
		314C8A9529C74053008A19BB /* FirebaseCrashlytics */ = {
			isa = XCSwiftPackageProductDependency;
			package = 314C8A8429C74053008A19BB /* XCRemoteSwiftPackageReference "firebase-ios-sdk" */;
			productName = FirebaseCrashlytics;
		};
		314C8A9729C74054008A19BB /* FirebaseDatabase */ = {
			isa = XCSwiftPackageProductDependency;
			package = 314C8A8429C74053008A19BB /* XCRemoteSwiftPackageReference "firebase-ios-sdk" */;
			productName = FirebaseDatabase;
		};
		314C8A9929C74054008A19BB /* FirebaseDatabaseSwift */ = {
			isa = XCSwiftPackageProductDependency;
			package = 314C8A8429C74053008A19BB /* XCRemoteSwiftPackageReference "firebase-ios-sdk" */;
			productName = FirebaseDatabaseSwift;
		};
		314C8A9B29C74054008A19BB /* FirebaseDynamicLinks */ = {
			isa = XCSwiftPackageProductDependency;
			package = 314C8A8429C74053008A19BB /* XCRemoteSwiftPackageReference "firebase-ios-sdk" */;
			productName = FirebaseDynamicLinks;
		};
		314C8A9D29C74054008A19BB /* FirebaseFirestore */ = {
			isa = XCSwiftPackageProductDependency;
			package = 314C8A8429C74053008A19BB /* XCRemoteSwiftPackageReference "firebase-ios-sdk" */;
			productName = FirebaseFirestore;
		};
		314C8A9F29C74054008A19BB /* FirebaseFirestoreCombine-Community */ = {
			isa = XCSwiftPackageProductDependency;
			package = 314C8A8429C74053008A19BB /* XCRemoteSwiftPackageReference "firebase-ios-sdk" */;
			productName = "FirebaseFirestoreCombine-Community";
		};
		314C8AA129C74054008A19BB /* FirebaseFirestoreSwift */ = {
			isa = XCSwiftPackageProductDependency;
			package = 314C8A8429C74053008A19BB /* XCRemoteSwiftPackageReference "firebase-ios-sdk" */;
			productName = FirebaseFirestoreSwift;
		};
		314C8AA329C74054008A19BB /* FirebaseFunctions */ = {
			isa = XCSwiftPackageProductDependency;
			package = 314C8A8429C74053008A19BB /* XCRemoteSwiftPackageReference "firebase-ios-sdk" */;
			productName = FirebaseFunctions;
		};
		314C8AA529C74054008A19BB /* FirebaseFunctionsCombine-Community */ = {
			isa = XCSwiftPackageProductDependency;
			package = 314C8A8429C74053008A19BB /* XCRemoteSwiftPackageReference "firebase-ios-sdk" */;
			productName = "FirebaseFunctionsCombine-Community";
		};
		314C8AA729C74055008A19BB /* FirebaseInAppMessaging-Beta */ = {
			isa = XCSwiftPackageProductDependency;
			package = 314C8A8429C74053008A19BB /* XCRemoteSwiftPackageReference "firebase-ios-sdk" */;
			productName = "FirebaseInAppMessaging-Beta";
		};
		314C8AA929C74055008A19BB /* FirebaseInAppMessagingSwift-Beta */ = {
			isa = XCSwiftPackageProductDependency;
			package = 314C8A8429C74053008A19BB /* XCRemoteSwiftPackageReference "firebase-ios-sdk" */;
			productName = "FirebaseInAppMessagingSwift-Beta";
		};
		314C8AAB29C74055008A19BB /* FirebaseInstallations */ = {
			isa = XCSwiftPackageProductDependency;
			package = 314C8A8429C74053008A19BB /* XCRemoteSwiftPackageReference "firebase-ios-sdk" */;
			productName = FirebaseInstallations;
		};
		314C8AAD29C74055008A19BB /* FirebaseMLModelDownloader */ = {
			isa = XCSwiftPackageProductDependency;
			package = 314C8A8429C74053008A19BB /* XCRemoteSwiftPackageReference "firebase-ios-sdk" */;
			productName = FirebaseMLModelDownloader;
		};
		314C8AAF29C74055008A19BB /* FirebaseMessaging */ = {
			isa = XCSwiftPackageProductDependency;
			package = 314C8A8429C74053008A19BB /* XCRemoteSwiftPackageReference "firebase-ios-sdk" */;
			productName = FirebaseMessaging;
		};
		314C8AB129C74056008A19BB /* FirebasePerformance */ = {
			isa = XCSwiftPackageProductDependency;
			package = 314C8A8429C74053008A19BB /* XCRemoteSwiftPackageReference "firebase-ios-sdk" */;
			productName = FirebasePerformance;
		};
		314C8AB329C74056008A19BB /* FirebaseRemoteConfig */ = {
			isa = XCSwiftPackageProductDependency;
			package = 314C8A8429C74053008A19BB /* XCRemoteSwiftPackageReference "firebase-ios-sdk" */;
			productName = FirebaseRemoteConfig;
		};
		314C8AB529C74056008A19BB /* FirebaseRemoteConfigSwift */ = {
			isa = XCSwiftPackageProductDependency;
			package = 314C8A8429C74053008A19BB /* XCRemoteSwiftPackageReference "firebase-ios-sdk" */;
			productName = FirebaseRemoteConfigSwift;
		};
		314C8AB729C74056008A19BB /* FirebaseStorage */ = {
			isa = XCSwiftPackageProductDependency;
			package = 314C8A8429C74053008A19BB /* XCRemoteSwiftPackageReference "firebase-ios-sdk" */;
			productName = FirebaseStorage;
		};
		314C8AB929C74056008A19BB /* FirebaseStorageCombine-Community */ = {
			isa = XCSwiftPackageProductDependency;
			package = 314C8A8429C74053008A19BB /* XCRemoteSwiftPackageReference "firebase-ios-sdk" */;
			productName = "FirebaseStorageCombine-Community";
		};
		31EA189D29B92FCA001AF369 /* MultiProgressView */ = {
			isa = XCSwiftPackageProductDependency;
			package = 31EA189C29B92FCA001AF369 /* XCRemoteSwiftPackageReference "MultiProgressView" */;
			productName = MultiProgressView;
		};
		31EA18A129BA571F001AF369 /* Charts */ = {
			isa = XCSwiftPackageProductDependency;
			package = 31EA189429B8F9F3001AF369 /* XCRemoteSwiftPackageReference "Charts" */;
			productName = Charts;
		};
		31EA18A829BA5A8D001AF369 /* Algorithms */ = {
			isa = XCSwiftPackageProductDependency;
			package = 31EA18A729BA5A8D001AF369 /* XCRemoteSwiftPackageReference "swift-algorithms" */;
			productName = Algorithms;
		};
/* End XCSwiftPackageProductDependency section */
	};
	rootObject = 31FB99072985956200FC1DF6 /* Project object */;
}
