// !$*UTF8*$!
{
	archiveVersion = 1;
	classes = {
	};
	objectVersion = 56;
	objects = {

/* Begin PBXBuildFile section */
		3112093629B669F800E20DAC /* ResultPopUp.swift in Sources */ = {isa = PBXBuildFile; fileRef = 3112093529B669F800E20DAC /* ResultPopUp.swift */; };
		3112093829B671DB00E20DAC /* NoLearnedWordsPopUp.swift in Sources */ = {isa = PBXBuildFile; fileRef = 3112093729B671DB00E20DAC /* NoLearnedWordsPopUp.swift */; };
		3130D8112998DBCA00BF6041 /* WordsCell.swift in Sources */ = {isa = PBXBuildFile; fileRef = 3130D8102998DBCA00BF6041 /* WordsCell.swift */; };
		3130D8142998DDD700BF6041 /* SnapKit in Frameworks */ = {isa = PBXBuildFile; productRef = 3130D8132998DDD700BF6041 /* SnapKit */; };
		3130D816299AC27300BF6041 /* MainTabVC.swift in Sources */ = {isa = PBXBuildFile; fileRef = 3130D815299AC27300BF6041 /* MainTabVC.swift */; };
		317D260D29B1FBFF008DCE2E /* QuizeGameVC.swift in Sources */ = {isa = PBXBuildFile; fileRef = 317D260C29B1FBFF008DCE2E /* QuizeGameVC.swift */; };
		317D261129B489F4008DCE2E /* ArchiveService.swift in Sources */ = {isa = PBXBuildFile; fileRef = 317D261029B489F4008DCE2E /* ArchiveService.swift */; };
		317D261329B4E118008DCE2E /* CheckLearnedWordsCount.swift in Sources */ = {isa = PBXBuildFile; fileRef = 317D261229B4E118008DCE2E /* CheckLearnedWordsCount.swift */; };
		317D261529B4EB74008DCE2E /* QuestionUpdater.swift in Sources */ = {isa = PBXBuildFile; fileRef = 317D261429B4EB74008DCE2E /* QuestionUpdater.swift */; };
		317D261929B4FB00008DCE2E /* Random Words.json in Resources */ = {isa = PBXBuildFile; fileRef = 317D261829B4FB00008DCE2E /* Random Words.json */; };
		317D261B29B50090008DCE2E /* CorrectAnswerCheck.swift in Sources */ = {isa = PBXBuildFile; fileRef = 317D261A29B50090008DCE2E /* CorrectAnswerCheck.swift */; };
		31B435F529A9557D00EFEA90 /* SelectedThemeCell.swift in Sources */ = {isa = PBXBuildFile; fileRef = 31B435F429A9557D00EFEA90 /* SelectedThemeCell.swift */; };
		31C903F329AD314300D9B615 /* Animals.json in Resources */ = {isa = PBXBuildFile; fileRef = 31C903EE29AD314300D9B615 /* Animals.json */; };
		31C903F529AD314300D9B615 /* Themes.json in Resources */ = {isa = PBXBuildFile; fileRef = 31C903F029AD314300D9B615 /* Themes.json */; };
		31C903F629AD314300D9B615 /* Appearance.json in Resources */ = {isa = PBXBuildFile; fileRef = 31C903F129AD314300D9B615 /* Appearance.json */; };
		31C903F729AD314300D9B615 /* Anatomy.json in Resources */ = {isa = PBXBuildFile; fileRef = 31C903F229AD314300D9B615 /* Anatomy.json */; };
		31C903F929AD4DBF00D9B615 /* Archeology.json in Resources */ = {isa = PBXBuildFile; fileRef = 31C903F829AD4DBF00D9B615 /* Archeology.json */; };
		31C903FB29AD4F2000D9B615 /* Architecture.json in Resources */ = {isa = PBXBuildFile; fileRef = 31C903FA29AD4F1F00D9B615 /* Architecture.json */; };
		31C903FD29ADEF4000D9B615 /* Art.json in Resources */ = {isa = PBXBuildFile; fileRef = 31C903FC29ADEF4000D9B615 /* Art.json */; };
		31C903FF29ADFC0F00D9B615 /* Aviation.json in Resources */ = {isa = PBXBuildFile; fileRef = 31C903FE29ADFC0F00D9B615 /* Aviation.json */; };
		31C9040329AE061800D9B615 /* Basic Words.json in Resources */ = {isa = PBXBuildFile; fileRef = 31C9040229AE061800D9B615 /* Basic Words.json */; };
		31C9040929AE348900D9B615 /* Berries.json in Resources */ = {isa = PBXBuildFile; fileRef = 31C9040829AE348900D9B615 /* Berries.json */; };
		31C9040B29AE499E00D9B615 /* Body.json in Resources */ = {isa = PBXBuildFile; fileRef = 31C9040A29AE499D00D9B615 /* Body.json */; };
		31C9040D29AE585400D9B615 /* Business.json in Resources */ = {isa = PBXBuildFile; fileRef = 31C9040C29AE585400D9B615 /* Business.json */; };
		31C9040F29AE5EE600D9B615 /* Career.json in Resources */ = {isa = PBXBuildFile; fileRef = 31C9040E29AE5EE600D9B615 /* Career.json */; };
		31C9041129AE602900D9B615 /* City.json in Resources */ = {isa = PBXBuildFile; fileRef = 31C9041029AE602800D9B615 /* City.json */; };
		31C9041329AE659200D9B615 /* Clothes.json in Resources */ = {isa = PBXBuildFile; fileRef = 31C9041229AE659200D9B615 /* Clothes.json */; };
		31C9041529AE67A900D9B615 /* Colors.json in Resources */ = {isa = PBXBuildFile; fileRef = 31C9041429AE67A800D9B615 /* Colors.json */; };
		31C9041729AE6A9F00D9B615 /* Computer.json in Resources */ = {isa = PBXBuildFile; fileRef = 31C9041629AE6A9F00D9B615 /* Computer.json */; };
		31C9041929AE6D6300D9B615 /* Diseases.json in Resources */ = {isa = PBXBuildFile; fileRef = 31C9041829AE6D6300D9B615 /* Diseases.json */; };
		31C9041B29AE6F8000D9B615 /* Drinks.json in Resources */ = {isa = PBXBuildFile; fileRef = 31C9041A29AE6F8000D9B615 /* Drinks.json */; };
		31C9041D29AE71AD00D9B615 /* Economics.json in Resources */ = {isa = PBXBuildFile; fileRef = 31C9041C29AE71AD00D9B615 /* Economics.json */; };
		31C9041F29AE725700D9B615 /* Emotions and Feelings.json in Resources */ = {isa = PBXBuildFile; fileRef = 31C9041E29AE725700D9B615 /* Emotions and Feelings.json */; };
		31C9042129AE731300D9B615 /* Family.json in Resources */ = {isa = PBXBuildFile; fileRef = 31C9042029AE731300D9B615 /* Family.json */; };
		31C9042329AE739400D9B615 /* Fish.json in Resources */ = {isa = PBXBuildFile; fileRef = 31C9042229AE739400D9B615 /* Fish.json */; };
		31C9042529AE743500D9B615 /* Food.json in Resources */ = {isa = PBXBuildFile; fileRef = 31C9042429AE743500D9B615 /* Food.json */; };
		31C9042729AE74C900D9B615 /* Furniture.json in Resources */ = {isa = PBXBuildFile; fileRef = 31C9042629AE74C900D9B615 /* Furniture.json */; };
		31C9042929AE761800D9B615 /* Geography.json in Resources */ = {isa = PBXBuildFile; fileRef = 31C9042829AE761800D9B615 /* Geography.json */; };
		31C9042B29AE790600D9B615 /* Geometry.json in Resources */ = {isa = PBXBuildFile; fileRef = 31C9042A29AE790600D9B615 /* Geometry.json */; };
		31C9042D29AE7B3400D9B615 /* Halloween.json in Resources */ = {isa = PBXBuildFile; fileRef = 31C9042C29AE7B3400D9B615 /* Halloween.json */; };
		31C9042F29AE7C4900D9B615 /* Health.json in Resources */ = {isa = PBXBuildFile; fileRef = 31C9042E29AE7C4900D9B615 /* Health.json */; };
		31C9043129AE7CD100D9B615 /* Hobbies.json in Resources */ = {isa = PBXBuildFile; fileRef = 31C9043029AE7CD100D9B615 /* Hobbies.json */; };
		31C9043329AE7D2C00D9B615 /* Home.json in Resources */ = {isa = PBXBuildFile; fileRef = 31C9043229AE7D2C00D9B615 /* Home.json */; };
		31C9043529AE7E6A00D9B615 /* Kitchen.json in Resources */ = {isa = PBXBuildFile; fileRef = 31C9043429AE7E6A00D9B615 /* Kitchen.json */; };
		31C9043729AE7EE000D9B615 /* Law.json in Resources */ = {isa = PBXBuildFile; fileRef = 31C9043629AE7EE000D9B615 /* Law.json */; };
		31C9043929AE7F6B00D9B615 /* Literature.json in Resources */ = {isa = PBXBuildFile; fileRef = 31C9043829AE7F6B00D9B615 /* Literature.json */; };
		31C9043B29AE7FEA00D9B615 /* Mathematics.json in Resources */ = {isa = PBXBuildFile; fileRef = 31C9043A29AE7FEA00D9B615 /* Mathematics.json */; };
		31C9043D29AE813E00D9B615 /* Money.json in Resources */ = {isa = PBXBuildFile; fileRef = 31C9043C29AE813E00D9B615 /* Money.json */; };
		31C9043F29AE823100D9B615 /* Months.json in Resources */ = {isa = PBXBuildFile; fileRef = 31C9043E29AE823100D9B615 /* Months.json */; };
		31C9044129AE857900D9B615 /* Movie.json in Resources */ = {isa = PBXBuildFile; fileRef = 31C9044029AE857900D9B615 /* Movie.json */; };
		31C9044329AE865000D9B615 /* Music.json in Resources */ = {isa = PBXBuildFile; fileRef = 31C9044229AE865000D9B615 /* Music.json */; };
		31C9044529AE879000D9B615 /* New Year.json in Resources */ = {isa = PBXBuildFile; fileRef = 31C9044429AE879000D9B615 /* New Year.json */; };
		31C9044729AE89A200D9B615 /* Numerals.json in Resources */ = {isa = PBXBuildFile; fileRef = 31C9044629AE89A200D9B615 /* Numerals.json */; };
		31C9044929AE8A2100D9B615 /* Personality.json in Resources */ = {isa = PBXBuildFile; fileRef = 31C9044829AE8A2000D9B615 /* Personality.json */; };
		31C9044B29AE8AF900D9B615 /* School Subjects.json in Resources */ = {isa = PBXBuildFile; fileRef = 31C9044A29AE8AF900D9B615 /* School Subjects.json */; };
		31C9044D29AE8C1000D9B615 /* Space.json in Resources */ = {isa = PBXBuildFile; fileRef = 31C9044C29AE8C1000D9B615 /* Space.json */; };
		31C9044F29AE8C9800D9B615 /* Sport.json in Resources */ = {isa = PBXBuildFile; fileRef = 31C9044E29AE8C9800D9B615 /* Sport.json */; };
		31C9045129AE8EBD00D9B615 /* Summer.json in Resources */ = {isa = PBXBuildFile; fileRef = 31C9045029AE8EBD00D9B615 /* Summer.json */; };
		31C9045329AE8FA200D9B615 /* Tastes.json in Resources */ = {isa = PBXBuildFile; fileRef = 31C9045229AE8FA200D9B615 /* Tastes.json */; };
		31C9045529AE900600D9B615 /* Time.json in Resources */ = {isa = PBXBuildFile; fileRef = 31C9045429AE900600D9B615 /* Time.json */; };
		31C9045729AE935F00D9B615 /* Travelling.json in Resources */ = {isa = PBXBuildFile; fileRef = 31C9045629AE935F00D9B615 /* Travelling.json */; };
		31C9045929AE947700D9B615 /* Vegetables.json in Resources */ = {isa = PBXBuildFile; fileRef = 31C9045829AE947700D9B615 /* Vegetables.json */; };
		31C9045B29AE95A700D9B615 /* Weather.json in Resources */ = {isa = PBXBuildFile; fileRef = 31C9045A29AE95A700D9B615 /* Weather.json */; };
		31C9045D29AE95F900D9B615 /* Weekday.json in Resources */ = {isa = PBXBuildFile; fileRef = 31C9045C29AE95F900D9B615 /* Weekday.json */; };
		31C9045F29AE991600D9B615 /* Work.json in Resources */ = {isa = PBXBuildFile; fileRef = 31C9045E29AE991600D9B615 /* Work.json */; };
		31C9046129AE9CF800D9B615 /* Politics.json in Resources */ = {isa = PBXBuildFile; fileRef = 31C9046029AE9CF800D9B615 /* Politics.json */; };
		31C9046329AE9D6800D9B615 /* Professions.json in Resources */ = {isa = PBXBuildFile; fileRef = 31C9046229AE9D6800D9B615 /* Professions.json */; };
		31C9046529AFCB4900D9B615 /* The most popular verbs.json in Resources */ = {isa = PBXBuildFile; fileRef = 31C9046429AFCB4900D9B615 /* The most popular verbs.json */; };
		31C9046729B0E30E00D9B615 /* ViewController.swift in Sources */ = {isa = PBXBuildFile; fileRef = 31C9046629B0E30E00D9B615 /* ViewController.swift */; };
		31F005EB29A0163C0097C22E /* CategoriesVC.swift in Sources */ = {isa = PBXBuildFile; fileRef = 31F005EA29A0163C0097C22E /* CategoriesVC.swift */; };
		31F005ED29A2134E0097C22E /* CategoriesCell.swift in Sources */ = {isa = PBXBuildFile; fileRef = 31F005EC29A2134E0097C22E /* CategoriesCell.swift */; };
		31F005F029A510820097C22E /* UIColorExtension.swift in Sources */ = {isa = PBXBuildFile; fileRef = 31F005EF29A510820097C22E /* UIColorExtension.swift */; };
		31F005F229A54C520097C22E /* JsonService.swift in Sources */ = {isa = PBXBuildFile; fileRef = 31F005F129A54C520097C22E /* JsonService.swift */; };
		31F005F629A54C8D0097C22E /* JsonModelCategories.swift in Sources */ = {isa = PBXBuildFile; fileRef = 31F005F529A54C8D0097C22E /* JsonModelCategories.swift */; };
		31F9BCB829A7732700C913AE /* Assets.xcassets in Resources */ = {isa = PBXBuildFile; fileRef = 31F9BCB729A7732700C913AE /* Assets.xcassets */; };
		31F9BCBB29A7D17A00C913AE /* SelectedThemeVC.swift in Sources */ = {isa = PBXBuildFile; fileRef = 31F9BCBA29A7D17A00C913AE /* SelectedThemeVC.swift */; };
		31F9BCBD29A7FF9100C913AE /* SelectedThemeHeader.swift in Sources */ = {isa = PBXBuildFile; fileRef = 31F9BCBC29A7FF9100C913AE /* SelectedThemeHeader.swift */; };
		31FB99132985956200FC1DF6 /* AppDelegate.swift in Sources */ = {isa = PBXBuildFile; fileRef = 31FB99122985956200FC1DF6 /* AppDelegate.swift */; };
		31FB99152985956200FC1DF6 /* SceneDelegate.swift in Sources */ = {isa = PBXBuildFile; fileRef = 31FB99142985956200FC1DF6 /* SceneDelegate.swift */; };
		31FB991A2985956200FC1DF6 /* Main.storyboard in Resources */ = {isa = PBXBuildFile; fileRef = 31FB99182985956200FC1DF6 /* Main.storyboard */; };
		31FB991F2985956400FC1DF6 /* LaunchScreen.storyboard in Resources */ = {isa = PBXBuildFile; fileRef = 31FB991D2985956400FC1DF6 /* LaunchScreen.storyboard */; };
		31FB9972298F8B9C00FC1DF6 /* GameVC.swift in Sources */ = {isa = PBXBuildFile; fileRef = 31FB9971298F8B9C00FC1DF6 /* GameVC.swift */; };
		31FB997429942A1700FC1DF6 /* Words.swift in Sources */ = {isa = PBXBuildFile; fileRef = 31FB997329942A1700FC1DF6 /* Words.swift */; };
		31FDF3932997BBB9000E2ABA /* PopUp.swift in Sources */ = {isa = PBXBuildFile; fileRef = 31FDF3922997BBB9000E2ABA /* PopUp.swift */; };
/* End PBXBuildFile section */

/* Begin PBXFileReference section */
		3112093529B669F800E20DAC /* ResultPopUp.swift */ = {isa = PBXFileReference; lastKnownFileType = sourcecode.swift; path = ResultPopUp.swift; sourceTree = "<group>"; };
		3112093729B671DB00E20DAC /* NoLearnedWordsPopUp.swift */ = {isa = PBXFileReference; lastKnownFileType = sourcecode.swift; path = NoLearnedWordsPopUp.swift; sourceTree = "<group>"; };
		3130D8102998DBCA00BF6041 /* WordsCell.swift */ = {isa = PBXFileReference; lastKnownFileType = sourcecode.swift; path = WordsCell.swift; sourceTree = "<group>"; };
		3130D815299AC27300BF6041 /* MainTabVC.swift */ = {isa = PBXFileReference; lastKnownFileType = sourcecode.swift; path = MainTabVC.swift; sourceTree = "<group>"; };
		317D260C29B1FBFF008DCE2E /* QuizeGameVC.swift */ = {isa = PBXFileReference; lastKnownFileType = sourcecode.swift; path = QuizeGameVC.swift; sourceTree = "<group>"; };
		317D261029B489F4008DCE2E /* ArchiveService.swift */ = {isa = PBXFileReference; lastKnownFileType = sourcecode.swift; path = ArchiveService.swift; sourceTree = "<group>"; };
		317D261229B4E118008DCE2E /* CheckLearnedWordsCount.swift */ = {isa = PBXFileReference; lastKnownFileType = sourcecode.swift; path = CheckLearnedWordsCount.swift; sourceTree = "<group>"; };
		317D261429B4EB74008DCE2E /* QuestionUpdater.swift */ = {isa = PBXFileReference; lastKnownFileType = sourcecode.swift; path = QuestionUpdater.swift; sourceTree = "<group>"; };
		317D261829B4FB00008DCE2E /* Random Words.json */ = {isa = PBXFileReference; fileEncoding = 4; lastKnownFileType = text.json; name = "Random Words.json"; path = "Jsons/Random Words.json"; sourceTree = SOURCE_ROOT; };
		317D261A29B50090008DCE2E /* CorrectAnswerCheck.swift */ = {isa = PBXFileReference; lastKnownFileType = sourcecode.swift; path = CorrectAnswerCheck.swift; sourceTree = "<group>"; };
		31B435F429A9557D00EFEA90 /* SelectedThemeCell.swift */ = {isa = PBXFileReference; lastKnownFileType = sourcecode.swift; path = SelectedThemeCell.swift; sourceTree = "<group>"; };
		31C903EE29AD314300D9B615 /* Animals.json */ = {isa = PBXFileReference; fileEncoding = 4; lastKnownFileType = text.json; name = Animals.json; path = Jsons/Animals.json; sourceTree = SOURCE_ROOT; };
		31C903F029AD314300D9B615 /* Themes.json */ = {isa = PBXFileReference; fileEncoding = 4; lastKnownFileType = text.json; name = Themes.json; path = Jsons/Themes.json; sourceTree = SOURCE_ROOT; };
		31C903F129AD314300D9B615 /* Appearance.json */ = {isa = PBXFileReference; fileEncoding = 4; lastKnownFileType = text.json; name = Appearance.json; path = Jsons/Appearance.json; sourceTree = SOURCE_ROOT; };
		31C903F229AD314300D9B615 /* Anatomy.json */ = {isa = PBXFileReference; fileEncoding = 4; lastKnownFileType = text.json; name = Anatomy.json; path = Jsons/Anatomy.json; sourceTree = SOURCE_ROOT; };
		31C903F829AD4DBF00D9B615 /* Archeology.json */ = {isa = PBXFileReference; fileEncoding = 4; lastKnownFileType = text.json; name = Archeology.json; path = Jsons/Archeology.json; sourceTree = SOURCE_ROOT; };
		31C903FA29AD4F1F00D9B615 /* Architecture.json */ = {isa = PBXFileReference; fileEncoding = 4; lastKnownFileType = text.json; name = Architecture.json; path = Jsons/Architecture.json; sourceTree = SOURCE_ROOT; };
		31C903FC29ADEF4000D9B615 /* Art.json */ = {isa = PBXFileReference; fileEncoding = 4; lastKnownFileType = text.json; name = Art.json; path = Jsons/Art.json; sourceTree = SOURCE_ROOT; };
		31C903FE29ADFC0F00D9B615 /* Aviation.json */ = {isa = PBXFileReference; fileEncoding = 4; lastKnownFileType = text.json; name = Aviation.json; path = Jsons/Aviation.json; sourceTree = SOURCE_ROOT; };
		31C9040229AE061800D9B615 /* Basic Words.json */ = {isa = PBXFileReference; fileEncoding = 4; lastKnownFileType = text.json; name = "Basic Words.json"; path = "Jsons/Basic Words.json"; sourceTree = SOURCE_ROOT; };
		31C9040829AE348900D9B615 /* Berries.json */ = {isa = PBXFileReference; fileEncoding = 4; lastKnownFileType = text.json; name = Berries.json; path = Jsons/Berries.json; sourceTree = SOURCE_ROOT; };
		31C9040A29AE499D00D9B615 /* Body.json */ = {isa = PBXFileReference; fileEncoding = 4; lastKnownFileType = text.json; name = Body.json; path = Jsons/Body.json; sourceTree = SOURCE_ROOT; };
		31C9040C29AE585400D9B615 /* Business.json */ = {isa = PBXFileReference; fileEncoding = 4; lastKnownFileType = text.json; name = Business.json; path = Jsons/Business.json; sourceTree = SOURCE_ROOT; };
		31C9040E29AE5EE600D9B615 /* Career.json */ = {isa = PBXFileReference; fileEncoding = 4; lastKnownFileType = text.json; name = Career.json; path = Jsons/Career.json; sourceTree = SOURCE_ROOT; };
		31C9041029AE602800D9B615 /* City.json */ = {isa = PBXFileReference; fileEncoding = 4; lastKnownFileType = text.json; name = City.json; path = Jsons/City.json; sourceTree = SOURCE_ROOT; };
		31C9041229AE659200D9B615 /* Clothes.json */ = {isa = PBXFileReference; fileEncoding = 4; lastKnownFileType = text.json; name = Clothes.json; path = Jsons/Clothes.json; sourceTree = SOURCE_ROOT; };
		31C9041429AE67A800D9B615 /* Colors.json */ = {isa = PBXFileReference; fileEncoding = 4; lastKnownFileType = text.json; name = Colors.json; path = Jsons/Colors.json; sourceTree = SOURCE_ROOT; };
		31C9041629AE6A9F00D9B615 /* Computer.json */ = {isa = PBXFileReference; fileEncoding = 4; lastKnownFileType = text.json; name = Computer.json; path = Jsons/Computer.json; sourceTree = SOURCE_ROOT; };
		31C9041829AE6D6300D9B615 /* Diseases.json */ = {isa = PBXFileReference; fileEncoding = 4; lastKnownFileType = text.json; name = Diseases.json; path = Jsons/Diseases.json; sourceTree = SOURCE_ROOT; };
		31C9041A29AE6F8000D9B615 /* Drinks.json */ = {isa = PBXFileReference; fileEncoding = 4; lastKnownFileType = text.json; name = Drinks.json; path = Jsons/Drinks.json; sourceTree = SOURCE_ROOT; };
		31C9041C29AE71AD00D9B615 /* Economics.json */ = {isa = PBXFileReference; fileEncoding = 4; lastKnownFileType = text.json; name = Economics.json; path = Jsons/Economics.json; sourceTree = SOURCE_ROOT; };
		31C9041E29AE725700D9B615 /* Emotions and Feelings.json */ = {isa = PBXFileReference; fileEncoding = 4; lastKnownFileType = text.json; name = "Emotions and Feelings.json"; path = "Jsons/Emotions and Feelings.json"; sourceTree = SOURCE_ROOT; };
		31C9042029AE731300D9B615 /* Family.json */ = {isa = PBXFileReference; fileEncoding = 4; lastKnownFileType = text.json; name = Family.json; path = Jsons/Family.json; sourceTree = SOURCE_ROOT; };
		31C9042229AE739400D9B615 /* Fish.json */ = {isa = PBXFileReference; fileEncoding = 4; lastKnownFileType = text.json; name = Fish.json; path = Jsons/Fish.json; sourceTree = SOURCE_ROOT; };
		31C9042429AE743500D9B615 /* Food.json */ = {isa = PBXFileReference; fileEncoding = 4; lastKnownFileType = text.json; name = Food.json; path = Jsons/Food.json; sourceTree = SOURCE_ROOT; };
		31C9042629AE74C900D9B615 /* Furniture.json */ = {isa = PBXFileReference; fileEncoding = 4; lastKnownFileType = text.json; name = Furniture.json; path = Jsons/Furniture.json; sourceTree = SOURCE_ROOT; };
		31C9042829AE761800D9B615 /* Geography.json */ = {isa = PBXFileReference; fileEncoding = 4; lastKnownFileType = text.json; name = Geography.json; path = Jsons/Geography.json; sourceTree = SOURCE_ROOT; };
		31C9042A29AE790600D9B615 /* Geometry.json */ = {isa = PBXFileReference; fileEncoding = 4; lastKnownFileType = text.json; name = Geometry.json; path = Jsons/Geometry.json; sourceTree = SOURCE_ROOT; };
		31C9042C29AE7B3400D9B615 /* Halloween.json */ = {isa = PBXFileReference; fileEncoding = 4; lastKnownFileType = text.json; name = Halloween.json; path = Jsons/Halloween.json; sourceTree = SOURCE_ROOT; };
		31C9042E29AE7C4900D9B615 /* Health.json */ = {isa = PBXFileReference; fileEncoding = 4; lastKnownFileType = text.json; name = Health.json; path = Jsons/Health.json; sourceTree = SOURCE_ROOT; };
		31C9043029AE7CD100D9B615 /* Hobbies.json */ = {isa = PBXFileReference; fileEncoding = 4; lastKnownFileType = text.json; name = Hobbies.json; path = Jsons/Hobbies.json; sourceTree = SOURCE_ROOT; };
		31C9043229AE7D2C00D9B615 /* Home.json */ = {isa = PBXFileReference; fileEncoding = 4; lastKnownFileType = text.json; name = Home.json; path = Jsons/Home.json; sourceTree = SOURCE_ROOT; };
		31C9043429AE7E6A00D9B615 /* Kitchen.json */ = {isa = PBXFileReference; fileEncoding = 4; lastKnownFileType = text.json; name = Kitchen.json; path = Jsons/Kitchen.json; sourceTree = SOURCE_ROOT; };
		31C9043629AE7EE000D9B615 /* Law.json */ = {isa = PBXFileReference; fileEncoding = 4; lastKnownFileType = text.json; name = Law.json; path = Jsons/Law.json; sourceTree = SOURCE_ROOT; };
		31C9043829AE7F6B00D9B615 /* Literature.json */ = {isa = PBXFileReference; fileEncoding = 4; lastKnownFileType = text.json; name = Literature.json; path = Jsons/Literature.json; sourceTree = SOURCE_ROOT; };
		31C9043A29AE7FEA00D9B615 /* Mathematics.json */ = {isa = PBXFileReference; fileEncoding = 4; lastKnownFileType = text.json; name = Mathematics.json; path = Jsons/Mathematics.json; sourceTree = SOURCE_ROOT; };
		31C9043C29AE813E00D9B615 /* Money.json */ = {isa = PBXFileReference; fileEncoding = 4; lastKnownFileType = text.json; name = Money.json; path = Jsons/Money.json; sourceTree = SOURCE_ROOT; };
		31C9043E29AE823100D9B615 /* Months.json */ = {isa = PBXFileReference; fileEncoding = 4; lastKnownFileType = text.json; name = Months.json; path = Jsons/Months.json; sourceTree = SOURCE_ROOT; };
		31C9044029AE857900D9B615 /* Movie.json */ = {isa = PBXFileReference; fileEncoding = 4; lastKnownFileType = text.json; name = Movie.json; path = Jsons/Movie.json; sourceTree = SOURCE_ROOT; };
		31C9044229AE865000D9B615 /* Music.json */ = {isa = PBXFileReference; fileEncoding = 4; lastKnownFileType = text.json; name = Music.json; path = Jsons/Music.json; sourceTree = SOURCE_ROOT; };
		31C9044429AE879000D9B615 /* New Year.json */ = {isa = PBXFileReference; fileEncoding = 4; lastKnownFileType = text.json; name = "New Year.json"; path = "Jsons/New Year.json"; sourceTree = SOURCE_ROOT; };
		31C9044629AE89A200D9B615 /* Numerals.json */ = {isa = PBXFileReference; fileEncoding = 4; lastKnownFileType = text.json; name = Numerals.json; path = Jsons/Numerals.json; sourceTree = SOURCE_ROOT; };
		31C9044829AE8A2000D9B615 /* Personality.json */ = {isa = PBXFileReference; fileEncoding = 4; lastKnownFileType = text.json; name = Personality.json; path = Jsons/Personality.json; sourceTree = SOURCE_ROOT; };
		31C9044A29AE8AF900D9B615 /* School Subjects.json */ = {isa = PBXFileReference; fileEncoding = 4; lastKnownFileType = text.json; name = "School Subjects.json"; path = "Jsons/School Subjects.json"; sourceTree = SOURCE_ROOT; };
		31C9044C29AE8C1000D9B615 /* Space.json */ = {isa = PBXFileReference; fileEncoding = 4; lastKnownFileType = text.json; name = Space.json; path = Jsons/Space.json; sourceTree = SOURCE_ROOT; };
		31C9044E29AE8C9800D9B615 /* Sport.json */ = {isa = PBXFileReference; fileEncoding = 4; lastKnownFileType = text.json; name = Sport.json; path = Jsons/Sport.json; sourceTree = SOURCE_ROOT; };
		31C9045029AE8EBD00D9B615 /* Summer.json */ = {isa = PBXFileReference; fileEncoding = 4; lastKnownFileType = text.json; name = Summer.json; path = Jsons/Summer.json; sourceTree = SOURCE_ROOT; };
		31C9045229AE8FA200D9B615 /* Tastes.json */ = {isa = PBXFileReference; fileEncoding = 4; lastKnownFileType = text.json; name = Tastes.json; path = Jsons/Tastes.json; sourceTree = SOURCE_ROOT; };
		31C9045429AE900600D9B615 /* Time.json */ = {isa = PBXFileReference; fileEncoding = 4; lastKnownFileType = text.json; name = Time.json; path = Jsons/Time.json; sourceTree = SOURCE_ROOT; };
		31C9045629AE935F00D9B615 /* Travelling.json */ = {isa = PBXFileReference; fileEncoding = 4; lastKnownFileType = text.json; name = Travelling.json; path = Jsons/Travelling.json; sourceTree = SOURCE_ROOT; };
		31C9045829AE947700D9B615 /* Vegetables.json */ = {isa = PBXFileReference; fileEncoding = 4; lastKnownFileType = text.json; name = Vegetables.json; path = Jsons/Vegetables.json; sourceTree = SOURCE_ROOT; };
		31C9045A29AE95A700D9B615 /* Weather.json */ = {isa = PBXFileReference; fileEncoding = 4; lastKnownFileType = text.json; name = Weather.json; path = Jsons/Weather.json; sourceTree = SOURCE_ROOT; };
		31C9045C29AE95F900D9B615 /* Weekday.json */ = {isa = PBXFileReference; fileEncoding = 4; lastKnownFileType = text.json; name = Weekday.json; path = Jsons/Weekday.json; sourceTree = SOURCE_ROOT; };
		31C9045E29AE991600D9B615 /* Work.json */ = {isa = PBXFileReference; fileEncoding = 4; lastKnownFileType = text.json; name = Work.json; path = Jsons/Work.json; sourceTree = SOURCE_ROOT; };
		31C9046029AE9CF800D9B615 /* Politics.json */ = {isa = PBXFileReference; fileEncoding = 4; lastKnownFileType = text.json; name = Politics.json; path = Jsons/Politics.json; sourceTree = SOURCE_ROOT; };
		31C9046229AE9D6800D9B615 /* Professions.json */ = {isa = PBXFileReference; fileEncoding = 4; lastKnownFileType = text.json; name = Professions.json; path = Jsons/Professions.json; sourceTree = SOURCE_ROOT; };
		31C9046429AFCB4900D9B615 /* The most popular verbs.json */ = {isa = PBXFileReference; fileEncoding = 4; lastKnownFileType = text.json; name = "The most popular verbs.json"; path = "Jsons/The most popular verbs.json"; sourceTree = SOURCE_ROOT; };
		31C9046629B0E30E00D9B615 /* ViewController.swift */ = {isa = PBXFileReference; lastKnownFileType = sourcecode.swift; path = ViewController.swift; sourceTree = "<group>"; };
		31F005EA29A0163C0097C22E /* CategoriesVC.swift */ = {isa = PBXFileReference; lastKnownFileType = sourcecode.swift; path = CategoriesVC.swift; sourceTree = "<group>"; };
		31F005EC29A2134E0097C22E /* CategoriesCell.swift */ = {isa = PBXFileReference; lastKnownFileType = sourcecode.swift; path = CategoriesCell.swift; sourceTree = "<group>"; };
		31F005EF29A510820097C22E /* UIColorExtension.swift */ = {isa = PBXFileReference; lastKnownFileType = sourcecode.swift; path = UIColorExtension.swift; sourceTree = "<group>"; };
		31F005F129A54C520097C22E /* JsonService.swift */ = {isa = PBXFileReference; lastKnownFileType = sourcecode.swift; path = JsonService.swift; sourceTree = "<group>"; };
		31F005F529A54C8D0097C22E /* JsonModelCategories.swift */ = {isa = PBXFileReference; lastKnownFileType = sourcecode.swift; path = JsonModelCategories.swift; sourceTree = "<group>"; };
		31F9BCB729A7732700C913AE /* Assets.xcassets */ = {isa = PBXFileReference; lastKnownFileType = folder.assetcatalog; path = Assets.xcassets; sourceTree = "<group>"; };
		31F9BCBA29A7D17A00C913AE /* SelectedThemeVC.swift */ = {isa = PBXFileReference; lastKnownFileType = sourcecode.swift; path = SelectedThemeVC.swift; sourceTree = "<group>"; };
		31F9BCBC29A7FF9100C913AE /* SelectedThemeHeader.swift */ = {isa = PBXFileReference; lastKnownFileType = sourcecode.swift; path = SelectedThemeHeader.swift; sourceTree = "<group>"; };
		31FB990F2985956200FC1DF6 /* English Trainee.app */ = {isa = PBXFileReference; explicitFileType = wrapper.application; includeInIndex = 0; path = "English Trainee.app"; sourceTree = BUILT_PRODUCTS_DIR; };
		31FB99122985956200FC1DF6 /* AppDelegate.swift */ = {isa = PBXFileReference; lastKnownFileType = sourcecode.swift; path = AppDelegate.swift; sourceTree = "<group>"; };
		31FB99142985956200FC1DF6 /* SceneDelegate.swift */ = {isa = PBXFileReference; lastKnownFileType = sourcecode.swift; path = SceneDelegate.swift; sourceTree = "<group>"; };
		31FB99192985956200FC1DF6 /* Base */ = {isa = PBXFileReference; lastKnownFileType = file.storyboard; name = Base; path = Base.lproj/Main.storyboard; sourceTree = "<group>"; };
		31FB991E2985956400FC1DF6 /* Base */ = {isa = PBXFileReference; lastKnownFileType = file.storyboard; name = Base; path = Base.lproj/LaunchScreen.storyboard; sourceTree = "<group>"; };
		31FB99202985956400FC1DF6 /* Info.plist */ = {isa = PBXFileReference; lastKnownFileType = text.plist.xml; path = Info.plist; sourceTree = "<group>"; };
		31FB9971298F8B9C00FC1DF6 /* GameVC.swift */ = {isa = PBXFileReference; lastKnownFileType = sourcecode.swift; path = GameVC.swift; sourceTree = "<group>"; };
		31FB997329942A1700FC1DF6 /* Words.swift */ = {isa = PBXFileReference; lastKnownFileType = sourcecode.swift; path = Words.swift; sourceTree = "<group>"; };
		31FDF3922997BBB9000E2ABA /* PopUp.swift */ = {isa = PBXFileReference; lastKnownFileType = sourcecode.swift; path = PopUp.swift; sourceTree = "<group>"; };
/* End PBXFileReference section */

/* Begin PBXFrameworksBuildPhase section */
		31FB990C2985956200FC1DF6 /* Frameworks */ = {
			isa = PBXFrameworksBuildPhase;
			buildActionMask = 2147483647;
			files = (
				3130D8142998DDD700BF6041 /* SnapKit in Frameworks */,
			);
			runOnlyForDeploymentPostprocessing = 0;
		};
/* End PBXFrameworksBuildPhase section */

/* Begin PBXGroup section */
		3130D817299AC31200BF6041 /* WordScreen */ = {
			isa = PBXGroup;
			children = (
				31FB9971298F8B9C00FC1DF6 /* GameVC.swift */,
				3130D8102998DBCA00BF6041 /* WordsCell.swift */,
				31C9046629B0E30E00D9B615 /* ViewController.swift */,
			);
			path = WordScreen;
			sourceTree = "<group>";
		};
		3130D854299FB4FF00BF6041 /* ThemesPullScreen */ = {
			isa = PBXGroup;
			children = (
				31F005EA29A0163C0097C22E /* CategoriesVC.swift */,
				31F005EC29A2134E0097C22E /* CategoriesCell.swift */,
			);
			path = ThemesPullScreen;
			sourceTree = "<group>";
		};
		317D260B29B1FB7D008DCE2E /* QuizeGameVC */ = {
			isa = PBXGroup;
			children = (
				317D260C29B1FBFF008DCE2E /* QuizeGameVC.swift */,
				3112093529B669F800E20DAC /* ResultPopUp.swift */,
				317D261429B4EB74008DCE2E /* QuestionUpdater.swift */,
				317D261A29B50090008DCE2E /* CorrectAnswerCheck.swift */,
			);
			path = QuizeGameVC;
			sourceTree = "<group>";
		};
		31C9046C29B10FBF00D9B615 /* Extensions */ = {
			isa = PBXGroup;
			children = (
				31F005EF29A510820097C22E /* UIColorExtension.swift */,
			);
			path = Extensions;
			sourceTree = "<group>";
		};
		31F005EE29A5105C0097C22E /* Additional Files */ = {
			isa = PBXGroup;
			children = (
				317D261829B4FB00008DCE2E /* Random Words.json */,
				31C9046429AFCB4900D9B615 /* The most popular verbs.json */,
				31C903F229AD314300D9B615 /* Anatomy.json */,
				31C903EE29AD314300D9B615 /* Animals.json */,
				31C903F129AD314300D9B615 /* Appearance.json */,
				31C903F829AD4DBF00D9B615 /* Archeology.json */,
				31C903FA29AD4F1F00D9B615 /* Architecture.json */,
				31C903FC29ADEF4000D9B615 /* Art.json */,
				31C903FE29ADFC0F00D9B615 /* Aviation.json */,
				31C9040229AE061800D9B615 /* Basic Words.json */,
				31C9040829AE348900D9B615 /* Berries.json */,
				31C9040A29AE499D00D9B615 /* Body.json */,
				31C9040C29AE585400D9B615 /* Business.json */,
				31C9040E29AE5EE600D9B615 /* Career.json */,
				31C9041029AE602800D9B615 /* City.json */,
				31C9041229AE659200D9B615 /* Clothes.json */,
				31C9041429AE67A800D9B615 /* Colors.json */,
				31C9041629AE6A9F00D9B615 /* Computer.json */,
				31C9041829AE6D6300D9B615 /* Diseases.json */,
				31C9041A29AE6F8000D9B615 /* Drinks.json */,
				31C9041C29AE71AD00D9B615 /* Economics.json */,
				31C9041E29AE725700D9B615 /* Emotions and Feelings.json */,
				31C9042029AE731300D9B615 /* Family.json */,
				31C9042229AE739400D9B615 /* Fish.json */,
				31C9042429AE743500D9B615 /* Food.json */,
				31C9042629AE74C900D9B615 /* Furniture.json */,
				31C9042829AE761800D9B615 /* Geography.json */,
				31C9042A29AE790600D9B615 /* Geometry.json */,
				31C9042C29AE7B3400D9B615 /* Halloween.json */,
				31C9042E29AE7C4900D9B615 /* Health.json */,
				31C9043029AE7CD100D9B615 /* Hobbies.json */,
				31C9043229AE7D2C00D9B615 /* Home.json */,
				31C9043429AE7E6A00D9B615 /* Kitchen.json */,
				31C9043629AE7EE000D9B615 /* Law.json */,
				31C9043829AE7F6B00D9B615 /* Literature.json */,
				31C9043A29AE7FEA00D9B615 /* Mathematics.json */,
				31C9043C29AE813E00D9B615 /* Money.json */,
				31C9043E29AE823100D9B615 /* Months.json */,
				31C9044029AE857900D9B615 /* Movie.json */,
				31C9044229AE865000D9B615 /* Music.json */,
				31C9044429AE879000D9B615 /* New Year.json */,
				31C9044629AE89A200D9B615 /* Numerals.json */,
				31C9044829AE8A2000D9B615 /* Personality.json */,
				31C9046029AE9CF800D9B615 /* Politics.json */,
				31C9046229AE9D6800D9B615 /* Professions.json */,
				31C9044A29AE8AF900D9B615 /* School Subjects.json */,
				31C9044C29AE8C1000D9B615 /* Space.json */,
				31C9044E29AE8C9800D9B615 /* Sport.json */,
				31C9045029AE8EBD00D9B615 /* Summer.json */,
				31C9045229AE8FA200D9B615 /* Tastes.json */,
				31C9045429AE900600D9B615 /* Time.json */,
				31C9045629AE935F00D9B615 /* Travelling.json */,
				31C9045829AE947700D9B615 /* Vegetables.json */,
				31C9045A29AE95A700D9B615 /* Weather.json */,
				31C9045C29AE95F900D9B615 /* Weekday.json */,
				31C9045E29AE991600D9B615 /* Work.json */,
				31C903F029AD314300D9B615 /* Themes.json */,
			);
			path = "Additional Files";
			sourceTree = "<group>";
		};
		31F005F329A54C6A0097C22E /* Services */ = {
			isa = PBXGroup;
			children = (
				31F005F129A54C520097C22E /* JsonService.swift */,
				317D261029B489F4008DCE2E /* ArchiveService.swift */,
			);
			path = Services;
			sourceTree = "<group>";
		};
		31F005FB29A6A3A70097C22E /* TabBar */ = {
			isa = PBXGroup;
			children = (
				3130D815299AC27300BF6041 /* MainTabVC.swift */,
			);
			path = TabBar;
			sourceTree = "<group>";
		};
		31F9BCB929A7D0DF00C913AE /* SelectedThemeVC */ = {
			isa = PBXGroup;
			children = (
				31F9BCBA29A7D17A00C913AE /* SelectedThemeVC.swift */,
				31B435F429A9557D00EFEA90 /* SelectedThemeCell.swift */,
				31F9BCBC29A7FF9100C913AE /* SelectedThemeHeader.swift */,
				317D261229B4E118008DCE2E /* CheckLearnedWordsCount.swift */,
				3112093729B671DB00E20DAC /* NoLearnedWordsPopUp.swift */,
			);
			path = SelectedThemeVC;
			sourceTree = "<group>";
		};
		31FB99062985956200FC1DF6 = {
			isa = PBXGroup;
			children = (
				31FB99112985956200FC1DF6 /* English Trainee */,
				31FB99102985956200FC1DF6 /* Products */,
			);
			sourceTree = "<group>";
		};
		31FB99102985956200FC1DF6 /* Products */ = {
			isa = PBXGroup;
			children = (
				31FB990F2985956200FC1DF6 /* English Trainee.app */,
			);
			name = Products;
			sourceTree = "<group>";
		};
		31FB99112985956200FC1DF6 /* English Trainee */ = {
			isa = PBXGroup;
			children = (
				31C9046C29B10FBF00D9B615 /* Extensions */,
				31FB99292985962F00FC1DF6 /* App */,
				31FB99262985958700FC1DF6 /* Screens */,
				31F005F329A54C6A0097C22E /* Services */,
				31FB99272985958F00FC1DF6 /* Models */,
				31F005EE29A5105C0097C22E /* Additional Files */,
				31FB99282985959600FC1DF6 /* Resources */,
			);
			path = "English Trainee";
			sourceTree = "<group>";
		};
		31FB99262985958700FC1DF6 /* Screens */ = {
			isa = PBXGroup;
			children = (
				31F005FB29A6A3A70097C22E /* TabBar */,
				3130D817299AC31200BF6041 /* WordScreen */,
				3130D854299FB4FF00BF6041 /* ThemesPullScreen */,
				31F9BCB929A7D0DF00C913AE /* SelectedThemeVC */,
				317D260B29B1FB7D008DCE2E /* QuizeGameVC */,
			);
			path = Screens;
			sourceTree = "<group>";
		};
		31FB99272985958F00FC1DF6 /* Models */ = {
			isa = PBXGroup;
			children = (
				31F005F529A54C8D0097C22E /* JsonModelCategories.swift */,
				31FB997329942A1700FC1DF6 /* Words.swift */,
				31FDF3922997BBB9000E2ABA /* PopUp.swift */,
			);
			path = Models;
			sourceTree = "<group>";
		};
		31FB99282985959600FC1DF6 /* Resources */ = {
			isa = PBXGroup;
			children = (
				31FB99202985956400FC1DF6 /* Info.plist */,
				31FB991D2985956400FC1DF6 /* LaunchScreen.storyboard */,
				31FB99182985956200FC1DF6 /* Main.storyboard */,
				31F9BCB729A7732700C913AE /* Assets.xcassets */,
			);
			path = Resources;
			sourceTree = "<group>";
		};
		31FB99292985962F00FC1DF6 /* App */ = {
			isa = PBXGroup;
			children = (
				31FB99122985956200FC1DF6 /* AppDelegate.swift */,
				31FB99142985956200FC1DF6 /* SceneDelegate.swift */,
			);
			path = App;
			sourceTree = "<group>";
		};
/* End PBXGroup section */

/* Begin PBXNativeTarget section */
		31FB990E2985956200FC1DF6 /* English Trainee */ = {
			isa = PBXNativeTarget;
			buildConfigurationList = 31FB99232985956400FC1DF6 /* Build configuration list for PBXNativeTarget "English Trainee" */;
			buildPhases = (
				31FB990B2985956200FC1DF6 /* Sources */,
				31FB990C2985956200FC1DF6 /* Frameworks */,
				31FB990D2985956200FC1DF6 /* Resources */,
			);
			buildRules = (
			);
			dependencies = (
			);
			name = "English Trainee";
			packageProductDependencies = (
				3130D8132998DDD700BF6041 /* SnapKit */,
			);
			productName = "English Trainee";
			productReference = 31FB990F2985956200FC1DF6 /* English Trainee.app */;
			productType = "com.apple.product-type.application";
		};
/* End PBXNativeTarget section */

/* Begin PBXProject section */
		31FB99072985956200FC1DF6 /* Project object */ = {
			isa = PBXProject;
			attributes = {
				BuildIndependentTargetsInParallel = 1;
				LastSwiftUpdateCheck = 1410;
				LastUpgradeCheck = 1410;
				TargetAttributes = {
					31FB990E2985956200FC1DF6 = {
						CreatedOnToolsVersion = 14.1;
					};
				};
			};
			buildConfigurationList = 31FB990A2985956200FC1DF6 /* Build configuration list for PBXProject "English Trainee" */;
			compatibilityVersion = "Xcode 14.0";
			developmentRegion = en;
			hasScannedForEncodings = 0;
			knownRegions = (
				en,
				Base,
			);
			mainGroup = 31FB99062985956200FC1DF6;
			packageReferences = (
				3130D8122998DDD700BF6041 /* XCRemoteSwiftPackageReference "SnapKit" */,
			);
			productRefGroup = 31FB99102985956200FC1DF6 /* Products */;
			projectDirPath = "";
			projectRoot = "";
			targets = (
				31FB990E2985956200FC1DF6 /* English Trainee */,
			);
		};
/* End PBXProject section */

/* Begin PBXResourcesBuildPhase section */
		31FB990D2985956200FC1DF6 /* Resources */ = {
			isa = PBXResourcesBuildPhase;
			buildActionMask = 2147483647;
			files = (
				31C9043729AE7EE000D9B615 /* Law.json in Resources */,
				31C9041929AE6D6300D9B615 /* Diseases.json in Resources */,
				31C9043129AE7CD100D9B615 /* Hobbies.json in Resources */,
				31C9046129AE9CF800D9B615 /* Politics.json in Resources */,
				31C903FF29ADFC0F00D9B615 /* Aviation.json in Resources */,
				31C9042729AE74C900D9B615 /* Furniture.json in Resources */,
				31C9040329AE061800D9B615 /* Basic Words.json in Resources */,
				31C903FB29AD4F2000D9B615 /* Architecture.json in Resources */,
				31C9046529AFCB4900D9B615 /* The most popular verbs.json in Resources */,
				31C9042B29AE790600D9B615 /* Geometry.json in Resources */,
				31C9045D29AE95F900D9B615 /* Weekday.json in Resources */,
				31C9044729AE89A200D9B615 /* Numerals.json in Resources */,
				31C9043B29AE7FEA00D9B615 /* Mathematics.json in Resources */,
				31C9044929AE8A2100D9B615 /* Personality.json in Resources */,
				31C9040B29AE499E00D9B615 /* Body.json in Resources */,
				31FB991F2985956400FC1DF6 /* LaunchScreen.storyboard in Resources */,
				31C9041B29AE6F8000D9B615 /* Drinks.json in Resources */,
				31C9042F29AE7C4900D9B615 /* Health.json in Resources */,
				31C9041129AE602900D9B615 /* City.json in Resources */,
				31C9043329AE7D2C00D9B615 /* Home.json in Resources */,
				31C9041F29AE725700D9B615 /* Emotions and Feelings.json in Resources */,
				31C9044129AE857900D9B615 /* Movie.json in Resources */,
				31C9040F29AE5EE600D9B615 /* Career.json in Resources */,
				31C9042529AE743500D9B615 /* Food.json in Resources */,
				31C903F329AD314300D9B615 /* Animals.json in Resources */,
				31C9045B29AE95A700D9B615 /* Weather.json in Resources */,
				31C9044529AE879000D9B615 /* New Year.json in Resources */,
				31C9040929AE348900D9B615 /* Berries.json in Resources */,
				31C9043D29AE813E00D9B615 /* Money.json in Resources */,
				31C903F929AD4DBF00D9B615 /* Archeology.json in Resources */,
				31C903FD29ADEF4000D9B615 /* Art.json in Resources */,
				31C9044B29AE8AF900D9B615 /* School Subjects.json in Resources */,
				31C9040D29AE585400D9B615 /* Business.json in Resources */,
				31C9043529AE7E6A00D9B615 /* Kitchen.json in Resources */,
				31C9042D29AE7B3400D9B615 /* Halloween.json in Resources */,
				31C9045329AE8FA200D9B615 /* Tastes.json in Resources */,
				31C903F529AD314300D9B615 /* Themes.json in Resources */,
				31F9BCB829A7732700C913AE /* Assets.xcassets in Resources */,
				31C9041529AE67A900D9B615 /* Colors.json in Resources */,
				31C9043929AE7F6B00D9B615 /* Literature.json in Resources */,
				31C9045529AE900600D9B615 /* Time.json in Resources */,
				31C903F729AD314300D9B615 /* Anatomy.json in Resources */,
				31C9046329AE9D6800D9B615 /* Professions.json in Resources */,
				31C9042329AE739400D9B615 /* Fish.json in Resources */,
				31C9045129AE8EBD00D9B615 /* Summer.json in Resources */,
				31C9041729AE6A9F00D9B615 /* Computer.json in Resources */,
				31C903F629AD314300D9B615 /* Appearance.json in Resources */,
				31C9045F29AE991600D9B615 /* Work.json in Resources */,
				31C9042929AE761800D9B615 /* Geography.json in Resources */,
				31C9045929AE947700D9B615 /* Vegetables.json in Resources */,
				31C9041329AE659200D9B615 /* Clothes.json in Resources */,
				31C9043F29AE823100D9B615 /* Months.json in Resources */,
				31C9044F29AE8C9800D9B615 /* Sport.json in Resources */,
				31FB991A2985956200FC1DF6 /* Main.storyboard in Resources */,
				31C9045729AE935F00D9B615 /* Travelling.json in Resources */,
				31C9041D29AE71AD00D9B615 /* Economics.json in Resources */,
				31C9044D29AE8C1000D9B615 /* Space.json in Resources */,
				317D261929B4FB00008DCE2E /* Random Words.json in Resources */,
				31C9042129AE731300D9B615 /* Family.json in Resources */,
				31C9044329AE865000D9B615 /* Music.json in Resources */,
			);
			runOnlyForDeploymentPostprocessing = 0;
		};
/* End PBXResourcesBuildPhase section */

/* Begin PBXSourcesBuildPhase section */
		31FB990B2985956200FC1DF6 /* Sources */ = {
			isa = PBXSourcesBuildPhase;
			buildActionMask = 2147483647;
			files = (
				317D261329B4E118008DCE2E /* CheckLearnedWordsCount.swift in Sources */,
				317D261B29B50090008DCE2E /* CorrectAnswerCheck.swift in Sources */,
				31F005F629A54C8D0097C22E /* JsonModelCategories.swift in Sources */,
				31FB9972298F8B9C00FC1DF6 /* GameVC.swift in Sources */,
				31FDF3932997BBB9000E2ABA /* PopUp.swift in Sources */,
				3112093829B671DB00E20DAC /* NoLearnedWordsPopUp.swift in Sources */,
				31FB997429942A1700FC1DF6 /* Words.swift in Sources */,
				31FB99132985956200FC1DF6 /* AppDelegate.swift in Sources */,
				31F005F029A510820097C22E /* UIColorExtension.swift in Sources */,
				31F005F229A54C520097C22E /* JsonService.swift in Sources */,
				3112093629B669F800E20DAC /* ResultPopUp.swift in Sources */,
				31F005EB29A0163C0097C22E /* CategoriesVC.swift in Sources */,
				31F9BCBD29A7FF9100C913AE /* SelectedThemeHeader.swift in Sources */,
				31FB99152985956200FC1DF6 /* SceneDelegate.swift in Sources */,
				317D261129B489F4008DCE2E /* ArchiveService.swift in Sources */,
				31F005ED29A2134E0097C22E /* CategoriesCell.swift in Sources */,
				3130D8112998DBCA00BF6041 /* WordsCell.swift in Sources */,
				31B435F529A9557D00EFEA90 /* SelectedThemeCell.swift in Sources */,
				31F9BCBB29A7D17A00C913AE /* SelectedThemeVC.swift in Sources */,
				317D260D29B1FBFF008DCE2E /* QuizeGameVC.swift in Sources */,
				31C9046729B0E30E00D9B615 /* ViewController.swift in Sources */,
				317D261529B4EB74008DCE2E /* QuestionUpdater.swift in Sources */,
				3130D816299AC27300BF6041 /* MainTabVC.swift in Sources */,
			);
			runOnlyForDeploymentPostprocessing = 0;
		};
/* End PBXSourcesBuildPhase section */

/* Begin PBXVariantGroup section */
		31FB99182985956200FC1DF6 /* Main.storyboard */ = {
			isa = PBXVariantGroup;
			children = (
				31FB99192985956200FC1DF6 /* Base */,
			);
			name = Main.storyboard;
			sourceTree = "<group>";
		};
		31FB991D2985956400FC1DF6 /* LaunchScreen.storyboard */ = {
			isa = PBXVariantGroup;
			children = (
				31FB991E2985956400FC1DF6 /* Base */,
			);
			name = LaunchScreen.storyboard;
			sourceTree = "<group>";
		};
/* End PBXVariantGroup section */

/* Begin XCBuildConfiguration section */
		31FB99212985956400FC1DF6 /* Debug */ = {
			isa = XCBuildConfiguration;
			buildSettings = {
				ALWAYS_SEARCH_USER_PATHS = NO;
				CLANG_ANALYZER_NONNULL = YES;
				CLANG_ANALYZER_NUMBER_OBJECT_CONVERSION = YES_AGGRESSIVE;
				CLANG_CXX_LANGUAGE_STANDARD = "gnu++20";
				CLANG_ENABLE_MODULES = YES;
				CLANG_ENABLE_OBJC_ARC = YES;
				CLANG_ENABLE_OBJC_WEAK = YES;
				CLANG_WARN_BLOCK_CAPTURE_AUTORELEASING = YES;
				CLANG_WARN_BOOL_CONVERSION = YES;
				CLANG_WARN_COMMA = YES;
				CLANG_WARN_CONSTANT_CONVERSION = YES;
				CLANG_WARN_DEPRECATED_OBJC_IMPLEMENTATIONS = YES;
				CLANG_WARN_DIRECT_OBJC_ISA_USAGE = YES_ERROR;
				CLANG_WARN_DOCUMENTATION_COMMENTS = YES;
				CLANG_WARN_EMPTY_BODY = YES;
				CLANG_WARN_ENUM_CONVERSION = YES;
				CLANG_WARN_INFINITE_RECURSION = YES;
				CLANG_WARN_INT_CONVERSION = YES;
				CLANG_WARN_NON_LITERAL_NULL_CONVERSION = YES;
				CLANG_WARN_OBJC_IMPLICIT_RETAIN_SELF = YES;
				CLANG_WARN_OBJC_LITERAL_CONVERSION = YES;
				CLANG_WARN_OBJC_ROOT_CLASS = YES_ERROR;
				CLANG_WARN_QUOTED_INCLUDE_IN_FRAMEWORK_HEADER = YES;
				CLANG_WARN_RANGE_LOOP_ANALYSIS = YES;
				CLANG_WARN_STRICT_PROTOTYPES = YES;
				CLANG_WARN_SUSPICIOUS_MOVE = YES;
				CLANG_WARN_UNGUARDED_AVAILABILITY = YES_AGGRESSIVE;
				CLANG_WARN_UNREACHABLE_CODE = YES;
				CLANG_WARN__DUPLICATE_METHOD_MATCH = YES;
				COPY_PHASE_STRIP = NO;
				DEBUG_INFORMATION_FORMAT = dwarf;
				ENABLE_STRICT_OBJC_MSGSEND = YES;
				ENABLE_TESTABILITY = YES;
				GCC_C_LANGUAGE_STANDARD = gnu11;
				GCC_DYNAMIC_NO_PIC = NO;
				GCC_NO_COMMON_BLOCKS = YES;
				GCC_OPTIMIZATION_LEVEL = 0;
				GCC_PREPROCESSOR_DEFINITIONS = (
					"DEBUG=1",
					"$(inherited)",
				);
				GCC_WARN_64_TO_32_BIT_CONVERSION = YES;
				GCC_WARN_ABOUT_RETURN_TYPE = YES_ERROR;
				GCC_WARN_UNDECLARED_SELECTOR = YES;
				GCC_WARN_UNINITIALIZED_AUTOS = YES_AGGRESSIVE;
				GCC_WARN_UNUSED_FUNCTION = YES;
				GCC_WARN_UNUSED_VARIABLE = YES;
				IPHONEOS_DEPLOYMENT_TARGET = 16.1;
				MTL_ENABLE_DEBUG_INFO = INCLUDE_SOURCE;
				MTL_FAST_MATH = YES;
				ONLY_ACTIVE_ARCH = YES;
				SDKROOT = iphoneos;
				SWIFT_ACTIVE_COMPILATION_CONDITIONS = DEBUG;
				SWIFT_OPTIMIZATION_LEVEL = "-Onone";
			};
			name = Debug;
		};
		31FB99222985956400FC1DF6 /* Release */ = {
			isa = XCBuildConfiguration;
			buildSettings = {
				ALWAYS_SEARCH_USER_PATHS = NO;
				CLANG_ANALYZER_NONNULL = YES;
				CLANG_ANALYZER_NUMBER_OBJECT_CONVERSION = YES_AGGRESSIVE;
				CLANG_CXX_LANGUAGE_STANDARD = "gnu++20";
				CLANG_ENABLE_MODULES = YES;
				CLANG_ENABLE_OBJC_ARC = YES;
				CLANG_ENABLE_OBJC_WEAK = YES;
				CLANG_WARN_BLOCK_CAPTURE_AUTORELEASING = YES;
				CLANG_WARN_BOOL_CONVERSION = YES;
				CLANG_WARN_COMMA = YES;
				CLANG_WARN_CONSTANT_CONVERSION = YES;
				CLANG_WARN_DEPRECATED_OBJC_IMPLEMENTATIONS = YES;
				CLANG_WARN_DIRECT_OBJC_ISA_USAGE = YES_ERROR;
				CLANG_WARN_DOCUMENTATION_COMMENTS = YES;
				CLANG_WARN_EMPTY_BODY = YES;
				CLANG_WARN_ENUM_CONVERSION = YES;
				CLANG_WARN_INFINITE_RECURSION = YES;
				CLANG_WARN_INT_CONVERSION = YES;
				CLANG_WARN_NON_LITERAL_NULL_CONVERSION = YES;
				CLANG_WARN_OBJC_IMPLICIT_RETAIN_SELF = YES;
				CLANG_WARN_OBJC_LITERAL_CONVERSION = YES;
				CLANG_WARN_OBJC_ROOT_CLASS = YES_ERROR;
				CLANG_WARN_QUOTED_INCLUDE_IN_FRAMEWORK_HEADER = YES;
				CLANG_WARN_RANGE_LOOP_ANALYSIS = YES;
				CLANG_WARN_STRICT_PROTOTYPES = YES;
				CLANG_WARN_SUSPICIOUS_MOVE = YES;
				CLANG_WARN_UNGUARDED_AVAILABILITY = YES_AGGRESSIVE;
				CLANG_WARN_UNREACHABLE_CODE = YES;
				CLANG_WARN__DUPLICATE_METHOD_MATCH = YES;
				COPY_PHASE_STRIP = NO;
				DEBUG_INFORMATION_FORMAT = "dwarf-with-dsym";
				ENABLE_NS_ASSERTIONS = NO;
				ENABLE_STRICT_OBJC_MSGSEND = YES;
				GCC_C_LANGUAGE_STANDARD = gnu11;
				GCC_NO_COMMON_BLOCKS = YES;
				GCC_WARN_64_TO_32_BIT_CONVERSION = YES;
				GCC_WARN_ABOUT_RETURN_TYPE = YES_ERROR;
				GCC_WARN_UNDECLARED_SELECTOR = YES;
				GCC_WARN_UNINITIALIZED_AUTOS = YES_AGGRESSIVE;
				GCC_WARN_UNUSED_FUNCTION = YES;
				GCC_WARN_UNUSED_VARIABLE = YES;
				IPHONEOS_DEPLOYMENT_TARGET = 16.1;
				MTL_ENABLE_DEBUG_INFO = NO;
				MTL_FAST_MATH = YES;
				SDKROOT = iphoneos;
				SWIFT_COMPILATION_MODE = wholemodule;
				SWIFT_OPTIMIZATION_LEVEL = "-O";
				VALIDATE_PRODUCT = YES;
			};
			name = Release;
		};
		31FB99242985956400FC1DF6 /* Debug */ = {
			isa = XCBuildConfiguration;
			buildSettings = {
				ASSETCATALOG_COMPILER_APPICON_NAME = AppIcon;
				ASSETCATALOG_COMPILER_GLOBAL_ACCENT_COLOR_NAME = AccentColor;
				CODE_SIGN_STYLE = Automatic;
				CURRENT_PROJECT_VERSION = 1;
				DEVELOPMENT_TEAM = YGKQ6UQ529;
				GENERATE_INFOPLIST_FILE = YES;
				INFOPLIST_FILE = "English Trainee/Resources/Info.plist";
				INFOPLIST_KEY_UIApplicationSupportsIndirectInputEvents = YES;
				INFOPLIST_KEY_UILaunchStoryboardName = LaunchScreen;
				INFOPLIST_KEY_UIMainStoryboardFile = Main;
				INFOPLIST_KEY_UISupportedInterfaceOrientations_iPad = "UIInterfaceOrientationPortrait UIInterfaceOrientationPortraitUpsideDown UIInterfaceOrientationLandscapeLeft UIInterfaceOrientationLandscapeRight";
				INFOPLIST_KEY_UISupportedInterfaceOrientations_iPhone = "UIInterfaceOrientationPortrait UIInterfaceOrientationLandscapeLeft UIInterfaceOrientationLandscapeRight";
				IPHONEOS_DEPLOYMENT_TARGET = 13.0;
				LD_RUNPATH_SEARCH_PATHS = (
					"$(inherited)",
					"@executable_path/Frameworks",
				);
				MARKETING_VERSION = 1.0;
				PRODUCT_BUNDLE_IDENTIFIER = "Nikolay-Lermontov.English-Trainee";
				PRODUCT_NAME = "$(TARGET_NAME)";
				SWIFT_EMIT_LOC_STRINGS = YES;
				SWIFT_VERSION = 5.0;
				TARGETED_DEVICE_FAMILY = "1,2";
			};
			name = Debug;
		};
		31FB99252985956400FC1DF6 /* Release */ = {
			isa = XCBuildConfiguration;
			buildSettings = {
				ASSETCATALOG_COMPILER_APPICON_NAME = AppIcon;
				ASSETCATALOG_COMPILER_GLOBAL_ACCENT_COLOR_NAME = AccentColor;
				CODE_SIGN_STYLE = Automatic;
				CURRENT_PROJECT_VERSION = 1;
				DEVELOPMENT_TEAM = YGKQ6UQ529;
				GENERATE_INFOPLIST_FILE = YES;
				INFOPLIST_FILE = "English Trainee/Resources/Info.plist";
				INFOPLIST_KEY_UIApplicationSupportsIndirectInputEvents = YES;
				INFOPLIST_KEY_UILaunchStoryboardName = LaunchScreen;
				INFOPLIST_KEY_UIMainStoryboardFile = Main;
				INFOPLIST_KEY_UISupportedInterfaceOrientations_iPad = "UIInterfaceOrientationPortrait UIInterfaceOrientationPortraitUpsideDown UIInterfaceOrientationLandscapeLeft UIInterfaceOrientationLandscapeRight";
				INFOPLIST_KEY_UISupportedInterfaceOrientations_iPhone = "UIInterfaceOrientationPortrait UIInterfaceOrientationLandscapeLeft UIInterfaceOrientationLandscapeRight";
				IPHONEOS_DEPLOYMENT_TARGET = 13.0;
				LD_RUNPATH_SEARCH_PATHS = (
					"$(inherited)",
					"@executable_path/Frameworks",
				);
				MARKETING_VERSION = 1.0;
				PRODUCT_BUNDLE_IDENTIFIER = "Nikolay-Lermontov.English-Trainee";
				PRODUCT_NAME = "$(TARGET_NAME)";
				SWIFT_EMIT_LOC_STRINGS = YES;
				SWIFT_VERSION = 5.0;
				TARGETED_DEVICE_FAMILY = "1,2";
			};
			name = Release;
		};
/* End XCBuildConfiguration section */

/* Begin XCConfigurationList section */
		31FB990A2985956200FC1DF6 /* Build configuration list for PBXProject "English Trainee" */ = {
			isa = XCConfigurationList;
			buildConfigurations = (
				31FB99212985956400FC1DF6 /* Debug */,
				31FB99222985956400FC1DF6 /* Release */,
			);
			defaultConfigurationIsVisible = 0;
			defaultConfigurationName = Release;
		};
		31FB99232985956400FC1DF6 /* Build configuration list for PBXNativeTarget "English Trainee" */ = {
			isa = XCConfigurationList;
			buildConfigurations = (
				31FB99242985956400FC1DF6 /* Debug */,
				31FB99252985956400FC1DF6 /* Release */,
			);
			defaultConfigurationIsVisible = 0;
			defaultConfigurationName = Release;
		};
/* End XCConfigurationList section */

/* Begin XCRemoteSwiftPackageReference section */
		3130D8122998DDD700BF6041 /* XCRemoteSwiftPackageReference "SnapKit" */ = {
			isa = XCRemoteSwiftPackageReference;
			repositoryURL = "https://github.com/SnapKit/SnapKit.git";
			requirement = {
				kind = upToNextMinorVersion;
				minimumVersion = 5.6.0;
			};
		};
/* End XCRemoteSwiftPackageReference section */

/* Begin XCSwiftPackageProductDependency section */
		3130D8132998DDD700BF6041 /* SnapKit */ = {
			isa = XCSwiftPackageProductDependency;
			package = 3130D8122998DDD700BF6041 /* XCRemoteSwiftPackageReference "SnapKit" */;
			productName = SnapKit;
		};
/* End XCSwiftPackageProductDependency section */
	};
	rootObject = 31FB99072985956200FC1DF6 /* Project object */;
}
